// !$*UTF8*$!
{
	archiveVersion = 1;
	classes = {
	};
	objectVersion = 55;
	objects = {

/* Begin PBXBuildFile section */
		119255A7282B4E77008410F3 /* Academy.h in Headers */ = {isa = PBXBuildFile; fileRef = 119255A6282B4E77008410F3 /* Academy.h */; settings = {ATTRIBUTES = (Public, ); }; };
		119255AE282B4E84008410F3 /* HTTP.swift in Sources */ = {isa = PBXBuildFile; fileRef = 119255AD282B4E84008410F3 /* HTTP.swift */; };
		119255B6282B4EA9008410F3 /* AcademyiOSApp.swift in Sources */ = {isa = PBXBuildFile; fileRef = 119255B5282B4EA9008410F3 /* AcademyiOSApp.swift */; };
		119255B8282B4EA9008410F3 /* HelpListView.swift in Sources */ = {isa = PBXBuildFile; fileRef = 119255B7282B4EA9008410F3 /* HelpListView.swift */; };
		119255BA282B4EAA008410F3 /* Assets.xcassets in Resources */ = {isa = PBXBuildFile; fileRef = 119255B9282B4EAA008410F3 /* Assets.xcassets */; };
		119255BD282B4EAA008410F3 /* Preview Assets.xcassets in Resources */ = {isa = PBXBuildFile; fileRef = 119255BC282B4EAA008410F3 /* Preview Assets.xcassets */; };
		119255C2282B4EB3008410F3 /* Academy.framework in Frameworks */ = {isa = PBXBuildFile; fileRef = 119255A3282B4E77008410F3 /* Academy.framework */; };
		119255C3282B4EB3008410F3 /* Academy.framework in Embed Frameworks */ = {isa = PBXBuildFile; fileRef = 119255A3282B4E77008410F3 /* Academy.framework */; settings = {ATTRIBUTES = (CodeSignOnCopy, RemoveHeadersOnCopy, ); }; };
		119255CE282B4F00008410F3 /* AcademyTVApp.swift in Sources */ = {isa = PBXBuildFile; fileRef = 119255CD282B4F00008410F3 /* AcademyTVApp.swift */; };
		119255D0282B4F00008410F3 /* ContentView.swift in Sources */ = {isa = PBXBuildFile; fileRef = 119255CF282B4F00008410F3 /* ContentView.swift */; };
		119255D2282B4F01008410F3 /* Assets.xcassets in Resources */ = {isa = PBXBuildFile; fileRef = 119255D1282B4F01008410F3 /* Assets.xcassets */; };
		119255D5282B4F01008410F3 /* Preview Assets.xcassets in Resources */ = {isa = PBXBuildFile; fileRef = 119255D4282B4F01008410F3 /* Preview Assets.xcassets */; };
		119255D9282B4F06008410F3 /* Academy.framework in Frameworks */ = {isa = PBXBuildFile; fileRef = 119255A3282B4E77008410F3 /* Academy.framework */; };
		119255DA282B4F06008410F3 /* Academy.framework in Embed Frameworks */ = {isa = PBXBuildFile; fileRef = 119255A3282B4E77008410F3 /* Academy.framework */; settings = {ATTRIBUTES = (CodeSignOnCopy, RemoveHeadersOnCopy, ); }; };
		119255E6282B51C9008410F3 /* AcademyUI.h in Headers */ = {isa = PBXBuildFile; fileRef = 119255E5282B51C9008410F3 /* AcademyUI.h */; settings = {ATTRIBUTES = (Public, ); }; };
		119255E9282B51C9008410F3 /* AcademyUI.framework in Frameworks */ = {isa = PBXBuildFile; fileRef = 119255E3282B51C9008410F3 /* AcademyUI.framework */; };
		119255EA282B51C9008410F3 /* AcademyUI.framework in Embed Frameworks */ = {isa = PBXBuildFile; fileRef = 119255E3282B51C9008410F3 /* AcademyUI.framework */; settings = {ATTRIBUTES = (CodeSignOnCopy, RemoveHeadersOnCopy, ); }; };
		119255EE282B51E5008410F3 /* AcademyUI.framework in Frameworks */ = {isa = PBXBuildFile; fileRef = 119255E3282B51C9008410F3 /* AcademyUI.framework */; };
		119255EF282B51E5008410F3 /* AcademyUI.framework in Embed Frameworks */ = {isa = PBXBuildFile; fileRef = 119255E3282B51C9008410F3 /* AcademyUI.framework */; settings = {ATTRIBUTES = (CodeSignOnCopy, RemoveHeadersOnCopy, ); }; };
		5BE70E1B282C338E00E36372 /* User.swift in Sources */ = {isa = PBXBuildFile; fileRef = 5BE70E1A282C338E00E36372 /* User.swift */; };
		5BE70E1D282C33B600E36372 /* Help.swift in Sources */ = {isa = PBXBuildFile; fileRef = 5BE70E1C282C33B600E36372 /* Help.swift */; };
		5BE70E20282C3D0A00E36372 /* ContentViewModel.swift in Sources */ = {isa = PBXBuildFile; fileRef = 5BE70E1F282C3D0A00E36372 /* ContentViewModel.swift */; };
		5BE70E23282C3EC000E36372 /* Announcement.swift in Sources */ = {isa = PBXBuildFile; fileRef = 5BE70E22282C3EC000E36372 /* Announcement.swift */; };
		5BE70E26282C3F6B00E36372 /* HelpCard.swift in Sources */ = {isa = PBXBuildFile; fileRef = 5BE70E25282C3F6B00E36372 /* HelpCard.swift */; };
		5BE70E2E282C41C000E36372 /* AcademyiPadApp.swift in Sources */ = {isa = PBXBuildFile; fileRef = 5BE70E2D282C41C000E36372 /* AcademyiPadApp.swift */; };
		5BE70E30282C41C000E36372 /* ContentView.swift in Sources */ = {isa = PBXBuildFile; fileRef = 5BE70E2F282C41C000E36372 /* ContentView.swift */; };
		5BE70E32282C41C200E36372 /* Assets.xcassets in Resources */ = {isa = PBXBuildFile; fileRef = 5BE70E31282C41C200E36372 /* Assets.xcassets */; };
		5BE70E35282C41C200E36372 /* Preview Assets.xcassets in Resources */ = {isa = PBXBuildFile; fileRef = 5BE70E34282C41C200E36372 /* Preview Assets.xcassets */; };
		5BE70E3F282C45B200E36372 /* Academy.framework in Frameworks */ = {isa = PBXBuildFile; fileRef = 119255A3282B4E77008410F3 /* Academy.framework */; };
		5BE70E40282C45B200E36372 /* Academy.framework in Embed Frameworks */ = {isa = PBXBuildFile; fileRef = 119255A3282B4E77008410F3 /* Academy.framework */; settings = {ATTRIBUTES = (CodeSignOnCopy, RemoveHeadersOnCopy, ); }; };
		5BE70E44282C45B600E36372 /* AcademyUI.framework in Frameworks */ = {isa = PBXBuildFile; fileRef = 119255E3282B51C9008410F3 /* AcademyUI.framework */; };
		5BE70E45282C45B600E36372 /* AcademyUI.framework in Embed Frameworks */ = {isa = PBXBuildFile; fileRef = 119255E3282B51C9008410F3 /* AcademyUI.framework */; settings = {ATTRIBUTES = (CodeSignOnCopy, RemoveHeadersOnCopy, ); }; };
		5BE70E4B282C49F400E36372 /* Academy.framework in Frameworks */ = {isa = PBXBuildFile; fileRef = 119255A3282B4E77008410F3 /* Academy.framework */; };
		5BE70E4C282C49F400E36372 /* Academy.framework in Embed Frameworks */ = {isa = PBXBuildFile; fileRef = 119255A3282B4E77008410F3 /* Academy.framework */; settings = {ATTRIBUTES = (CodeSignOnCopy, RemoveHeadersOnCopy, ); }; };
		5BE70E51282C4A6F00E36372 /* DateFormatter.swift in Sources */ = {isa = PBXBuildFile; fileRef = 5BE70E50282C4A6F00E36372 /* DateFormatter.swift */; };
		5BE70E53282C4BA700E36372 /* HelpListViewModel.swift in Sources */ = {isa = PBXBuildFile; fileRef = 5BE70E52282C4BA700E36372 /* HelpListViewModel.swift */; };
		5BE70E55282C566B00E36372 /* RequestForHelpModalView.swift in Sources */ = {isa = PBXBuildFile; fileRef = 5BE70E54282C566B00E36372 /* RequestForHelpModalView.swift */; };
		5BE70E57282C57B500E36372 /* HelpFilter.swift in Sources */ = {isa = PBXBuildFile; fileRef = 5BE70E56282C57B500E36372 /* HelpFilter.swift */; };
		5BE70E59282C596200E36372 /* HelpTypeFilterButton.swift in Sources */ = {isa = PBXBuildFile; fileRef = 5BE70E58282C596200E36372 /* HelpTypeFilterButton.swift */; };
/* End PBXBuildFile section */

/* Begin PBXContainerItemProxy section */
		119255C4282B4EB3008410F3 /* PBXContainerItemProxy */ = {
			isa = PBXContainerItemProxy;
			containerPortal = 1192559A282B4E77008410F3 /* Project object */;
			proxyType = 1;
			remoteGlobalIDString = 119255A2282B4E77008410F3;
			remoteInfo = Academy;
		};
		119255DB282B4F06008410F3 /* PBXContainerItemProxy */ = {
			isa = PBXContainerItemProxy;
			containerPortal = 1192559A282B4E77008410F3 /* Project object */;
			proxyType = 1;
			remoteGlobalIDString = 119255A2282B4E77008410F3;
			remoteInfo = Academy;
		};
		119255E7282B51C9008410F3 /* PBXContainerItemProxy */ = {
			isa = PBXContainerItemProxy;
			containerPortal = 1192559A282B4E77008410F3 /* Project object */;
			proxyType = 1;
			remoteGlobalIDString = 119255E2282B51C9008410F3;
			remoteInfo = AcademyUI;
		};
		119255F0282B51E5008410F3 /* PBXContainerItemProxy */ = {
			isa = PBXContainerItemProxy;
			containerPortal = 1192559A282B4E77008410F3 /* Project object */;
			proxyType = 1;
			remoteGlobalIDString = 119255E2282B51C9008410F3;
			remoteInfo = AcademyUI;
		};
		5BE70E41282C45B200E36372 /* PBXContainerItemProxy */ = {
			isa = PBXContainerItemProxy;
			containerPortal = 1192559A282B4E77008410F3 /* Project object */;
			proxyType = 1;
			remoteGlobalIDString = 119255A2282B4E77008410F3;
			remoteInfo = Academy;
		};
		5BE70E46282C45B600E36372 /* PBXContainerItemProxy */ = {
			isa = PBXContainerItemProxy;
			containerPortal = 1192559A282B4E77008410F3 /* Project object */;
			proxyType = 1;
			remoteGlobalIDString = 119255E2282B51C9008410F3;
			remoteInfo = AcademyUI;
		};
		5BE70E4D282C49F400E36372 /* PBXContainerItemProxy */ = {
			isa = PBXContainerItemProxy;
			containerPortal = 1192559A282B4E77008410F3 /* Project object */;
			proxyType = 1;
			remoteGlobalIDString = 119255A2282B4E77008410F3;
			remoteInfo = Academy;
		};
/* End PBXContainerItemProxy section */

/* Begin PBXCopyFilesBuildPhase section */
		119255C6282B4EB3008410F3 /* Embed Frameworks */ = {
			isa = PBXCopyFilesBuildPhase;
			buildActionMask = 2147483647;
			dstPath = "";
			dstSubfolderSpec = 10;
			files = (
				119255C3282B4EB3008410F3 /* Academy.framework in Embed Frameworks */,
				119255EA282B51C9008410F3 /* AcademyUI.framework in Embed Frameworks */,
			);
			name = "Embed Frameworks";
			runOnlyForDeploymentPostprocessing = 0;
		};
		119255DD282B4F06008410F3 /* Embed Frameworks */ = {
			isa = PBXCopyFilesBuildPhase;
			buildActionMask = 2147483647;
			dstPath = "";
			dstSubfolderSpec = 10;
			files = (
				119255DA282B4F06008410F3 /* Academy.framework in Embed Frameworks */,
				119255EF282B51E5008410F3 /* AcademyUI.framework in Embed Frameworks */,
			);
			name = "Embed Frameworks";
			runOnlyForDeploymentPostprocessing = 0;
		};
		5BE70E43282C45B200E36372 /* Embed Frameworks */ = {
			isa = PBXCopyFilesBuildPhase;
			buildActionMask = 2147483647;
			dstPath = "";
			dstSubfolderSpec = 10;
			files = (
				5BE70E40282C45B200E36372 /* Academy.framework in Embed Frameworks */,
				5BE70E45282C45B600E36372 /* AcademyUI.framework in Embed Frameworks */,
			);
			name = "Embed Frameworks";
			runOnlyForDeploymentPostprocessing = 0;
		};
		5BE70E4F282C49F400E36372 /* Embed Frameworks */ = {
			isa = PBXCopyFilesBuildPhase;
			buildActionMask = 2147483647;
			dstPath = "";
			dstSubfolderSpec = 10;
			files = (
				5BE70E4C282C49F400E36372 /* Academy.framework in Embed Frameworks */,
			);
			name = "Embed Frameworks";
			runOnlyForDeploymentPostprocessing = 0;
		};
/* End PBXCopyFilesBuildPhase section */

/* Begin PBXFileReference section */
		119255A3282B4E77008410F3 /* Academy.framework */ = {isa = PBXFileReference; explicitFileType = wrapper.framework; includeInIndex = 0; path = Academy.framework; sourceTree = BUILT_PRODUCTS_DIR; };
		119255A6282B4E77008410F3 /* Academy.h */ = {isa = PBXFileReference; lastKnownFileType = sourcecode.c.h; path = Academy.h; sourceTree = "<group>"; };
		119255AD282B4E84008410F3 /* HTTP.swift */ = {isa = PBXFileReference; lastKnownFileType = sourcecode.swift; path = HTTP.swift; sourceTree = "<group>"; };
		119255B3282B4EA9008410F3 /* AcademyiOS.app */ = {isa = PBXFileReference; explicitFileType = wrapper.application; includeInIndex = 0; path = AcademyiOS.app; sourceTree = BUILT_PRODUCTS_DIR; };
		119255B5282B4EA9008410F3 /* AcademyiOSApp.swift */ = {isa = PBXFileReference; lastKnownFileType = sourcecode.swift; path = AcademyiOSApp.swift; sourceTree = "<group>"; };
		119255B7282B4EA9008410F3 /* HelpListView.swift */ = {isa = PBXFileReference; lastKnownFileType = sourcecode.swift; path = HelpListView.swift; sourceTree = "<group>"; };
		119255B9282B4EAA008410F3 /* Assets.xcassets */ = {isa = PBXFileReference; lastKnownFileType = folder.assetcatalog; path = Assets.xcassets; sourceTree = "<group>"; };
		119255BC282B4EAA008410F3 /* Preview Assets.xcassets */ = {isa = PBXFileReference; lastKnownFileType = folder.assetcatalog; path = "Preview Assets.xcassets"; sourceTree = "<group>"; };
		119255CB282B4F00008410F3 /* AcademyTV.app */ = {isa = PBXFileReference; explicitFileType = wrapper.application; includeInIndex = 0; path = AcademyTV.app; sourceTree = BUILT_PRODUCTS_DIR; };
		119255CD282B4F00008410F3 /* AcademyTVApp.swift */ = {isa = PBXFileReference; lastKnownFileType = sourcecode.swift; path = AcademyTVApp.swift; sourceTree = "<group>"; };
		119255CF282B4F00008410F3 /* ContentView.swift */ = {isa = PBXFileReference; lastKnownFileType = sourcecode.swift; path = ContentView.swift; sourceTree = "<group>"; };
		119255D1282B4F01008410F3 /* Assets.xcassets */ = {isa = PBXFileReference; lastKnownFileType = folder.assetcatalog; path = Assets.xcassets; sourceTree = "<group>"; };
		119255D4282B4F01008410F3 /* Preview Assets.xcassets */ = {isa = PBXFileReference; lastKnownFileType = folder.assetcatalog; path = "Preview Assets.xcassets"; sourceTree = "<group>"; };
		119255E3282B51C9008410F3 /* AcademyUI.framework */ = {isa = PBXFileReference; explicitFileType = wrapper.framework; includeInIndex = 0; path = AcademyUI.framework; sourceTree = BUILT_PRODUCTS_DIR; };
		119255E5282B51C9008410F3 /* AcademyUI.h */ = {isa = PBXFileReference; lastKnownFileType = sourcecode.c.h; path = AcademyUI.h; sourceTree = "<group>"; };
		5BE70E1A282C338E00E36372 /* User.swift */ = {isa = PBXFileReference; lastKnownFileType = sourcecode.swift; path = User.swift; sourceTree = "<group>"; };
		5BE70E1C282C33B600E36372 /* Help.swift */ = {isa = PBXFileReference; lastKnownFileType = sourcecode.swift; path = Help.swift; sourceTree = "<group>"; };
		5BE70E1F282C3D0A00E36372 /* ContentViewModel.swift */ = {isa = PBXFileReference; lastKnownFileType = sourcecode.swift; path = ContentViewModel.swift; sourceTree = "<group>"; };
		5BE70E22282C3EC000E36372 /* Announcement.swift */ = {isa = PBXFileReference; lastKnownFileType = sourcecode.swift; path = Announcement.swift; sourceTree = "<group>"; };
		5BE70E25282C3F6B00E36372 /* HelpCard.swift */ = {isa = PBXFileReference; lastKnownFileType = sourcecode.swift; path = HelpCard.swift; sourceTree = "<group>"; };
		5BE70E2B282C41C000E36372 /* AcademyiPad.app */ = {isa = PBXFileReference; explicitFileType = wrapper.application; includeInIndex = 0; path = AcademyiPad.app; sourceTree = BUILT_PRODUCTS_DIR; };
		5BE70E2D282C41C000E36372 /* AcademyiPadApp.swift */ = {isa = PBXFileReference; lastKnownFileType = sourcecode.swift; path = AcademyiPadApp.swift; sourceTree = "<group>"; };
		5BE70E2F282C41C000E36372 /* ContentView.swift */ = {isa = PBXFileReference; lastKnownFileType = sourcecode.swift; path = ContentView.swift; sourceTree = "<group>"; };
		5BE70E31282C41C200E36372 /* Assets.xcassets */ = {isa = PBXFileReference; lastKnownFileType = folder.assetcatalog; path = Assets.xcassets; sourceTree = "<group>"; };
		5BE70E34282C41C200E36372 /* Preview Assets.xcassets */ = {isa = PBXFileReference; lastKnownFileType = folder.assetcatalog; path = "Preview Assets.xcassets"; sourceTree = "<group>"; };
		5BE70E50282C4A6F00E36372 /* DateFormatter.swift */ = {isa = PBXFileReference; lastKnownFileType = sourcecode.swift; path = DateFormatter.swift; sourceTree = "<group>"; };
		5BE70E52282C4BA700E36372 /* HelpListViewModel.swift */ = {isa = PBXFileReference; lastKnownFileType = sourcecode.swift; path = HelpListViewModel.swift; sourceTree = "<group>"; };
		5BE70E54282C566B00E36372 /* RequestForHelpModalView.swift */ = {isa = PBXFileReference; lastKnownFileType = sourcecode.swift; path = RequestForHelpModalView.swift; sourceTree = "<group>"; };
		5BE70E56282C57B500E36372 /* HelpFilter.swift */ = {isa = PBXFileReference; lastKnownFileType = sourcecode.swift; path = HelpFilter.swift; sourceTree = "<group>"; };
		5BE70E58282C596200E36372 /* HelpTypeFilterButton.swift */ = {isa = PBXFileReference; lastKnownFileType = sourcecode.swift; path = HelpTypeFilterButton.swift; sourceTree = "<group>"; };
/* End PBXFileReference section */

/* Begin PBXFrameworksBuildPhase section */
		119255A0282B4E77008410F3 /* Frameworks */ = {
			isa = PBXFrameworksBuildPhase;
			buildActionMask = 2147483647;
			files = (
			);
			runOnlyForDeploymentPostprocessing = 0;
		};
		119255B0282B4EA9008410F3 /* Frameworks */ = {
			isa = PBXFrameworksBuildPhase;
			buildActionMask = 2147483647;
			files = (
				119255C2282B4EB3008410F3 /* Academy.framework in Frameworks */,
				119255E9282B51C9008410F3 /* AcademyUI.framework in Frameworks */,
			);
			runOnlyForDeploymentPostprocessing = 0;
		};
		119255C8282B4F00008410F3 /* Frameworks */ = {
			isa = PBXFrameworksBuildPhase;
			buildActionMask = 2147483647;
			files = (
				119255D9282B4F06008410F3 /* Academy.framework in Frameworks */,
				119255EE282B51E5008410F3 /* AcademyUI.framework in Frameworks */,
			);
			runOnlyForDeploymentPostprocessing = 0;
		};
		119255E0282B51C9008410F3 /* Frameworks */ = {
			isa = PBXFrameworksBuildPhase;
			buildActionMask = 2147483647;
			files = (
				5BE70E4B282C49F400E36372 /* Academy.framework in Frameworks */,
			);
			runOnlyForDeploymentPostprocessing = 0;
		};
		5BE70E28282C41C000E36372 /* Frameworks */ = {
			isa = PBXFrameworksBuildPhase;
			buildActionMask = 2147483647;
			files = (
				5BE70E3F282C45B200E36372 /* Academy.framework in Frameworks */,
				5BE70E44282C45B600E36372 /* AcademyUI.framework in Frameworks */,
			);
			runOnlyForDeploymentPostprocessing = 0;
		};
/* End PBXFrameworksBuildPhase section */

/* Begin PBXGroup section */
		11925599282B4E77008410F3 = {
			isa = PBXGroup;
			children = (
				119255A5282B4E77008410F3 /* Academy */,
				119255E4282B51C9008410F3 /* AcademyUI */,
				119255B4282B4EA9008410F3 /* AcademyiOS */,
				119255CC282B4F00008410F3 /* AcademyTV */,
				5BE70E2C282C41C000E36372 /* AcademyiPad */,
				119255A4282B4E77008410F3 /* Products */,
				119255C1282B4EB3008410F3 /* Frameworks */,
			);
			sourceTree = "<group>";
		};
		119255A4282B4E77008410F3 /* Products */ = {
			isa = PBXGroup;
			children = (
				119255A3282B4E77008410F3 /* Academy.framework */,
				119255B3282B4EA9008410F3 /* AcademyiOS.app */,
				119255CB282B4F00008410F3 /* AcademyTV.app */,
				119255E3282B51C9008410F3 /* AcademyUI.framework */,
				5BE70E2B282C41C000E36372 /* AcademyiPad.app */,
			);
			name = Products;
			sourceTree = "<group>";
		};
		119255A5282B4E77008410F3 /* Academy */ = {
			isa = PBXGroup;
			children = (
				5BE70E4A282C470000E36372 /* Network */,
				5BE70E48282C46EC00E36372 /* Domain */,
				119255A6282B4E77008410F3 /* Academy.h */,
			);
			path = Academy;
			sourceTree = "<group>";
		};
		119255B4282B4EA9008410F3 /* AcademyiOS */ = {
			isa = PBXGroup;
			children = (
				5BE70E39282C421900E36372 /* Views */,
				5BE70E3A282C421E00E36372 /* View Models */,
				119255B5282B4EA9008410F3 /* AcademyiOSApp.swift */,
				119255B9282B4EAA008410F3 /* Assets.xcassets */,
				119255BB282B4EAA008410F3 /* Preview Content */,
			);
			path = AcademyiOS;
			sourceTree = "<group>";
		};
		119255BB282B4EAA008410F3 /* Preview Content */ = {
			isa = PBXGroup;
			children = (
				119255BC282B4EAA008410F3 /* Preview Assets.xcassets */,
			);
			path = "Preview Content";
			sourceTree = "<group>";
		};
		119255C1282B4EB3008410F3 /* Frameworks */ = {
			isa = PBXGroup;
			children = (
			);
			name = Frameworks;
			sourceTree = "<group>";
		};
		119255CC282B4F00008410F3 /* AcademyTV */ = {
			isa = PBXGroup;
			children = (
				5BE70E21282C3D2500E36372 /* Views */,
				5BE70E1E282C3CFC00E36372 /* View Models */,
				119255CD282B4F00008410F3 /* AcademyTVApp.swift */,
				119255D1282B4F01008410F3 /* Assets.xcassets */,
				119255D3282B4F01008410F3 /* Preview Content */,
			);
			path = AcademyTV;
			sourceTree = "<group>";
		};
		119255D3282B4F01008410F3 /* Preview Content */ = {
			isa = PBXGroup;
			children = (
				119255D4282B4F01008410F3 /* Preview Assets.xcassets */,
			);
			path = "Preview Content";
			sourceTree = "<group>";
		};
		119255E4282B51C9008410F3 /* AcademyUI */ = {
			isa = PBXGroup;
			children = (
				5BE70E24282C3F5A00E36372 /* Components */,
				119255E5282B51C9008410F3 /* AcademyUI.h */,
			);
			path = AcademyUI;
			sourceTree = "<group>";
		};
		5BE70E19282C332300E36372 /* Models */ = {
			isa = PBXGroup;
			children = (
				5BE70E1A282C338E00E36372 /* User.swift */,
				5BE70E1C282C33B600E36372 /* Help.swift */,
				5BE70E22282C3EC000E36372 /* Announcement.swift */,
			);
			path = Models;
			sourceTree = "<group>";
		};
		5BE70E1E282C3CFC00E36372 /* View Models */ = {
			isa = PBXGroup;
			children = (
				5BE70E1F282C3D0A00E36372 /* ContentViewModel.swift */,
			);
			path = "View Models";
			sourceTree = "<group>";
		};
		5BE70E21282C3D2500E36372 /* Views */ = {
			isa = PBXGroup;
			children = (
				119255CF282B4F00008410F3 /* ContentView.swift */,
			);
			path = Views;
			sourceTree = "<group>";
		};
		5BE70E24282C3F5A00E36372 /* Components */ = {
			isa = PBXGroup;
			children = (
				5BE70E25282C3F6B00E36372 /* HelpCard.swift */,
				5BE70E58282C596200E36372 /* HelpTypeFilterButton.swift */,
			);
			path = Components;
			sourceTree = "<group>";
		};
		5BE70E2C282C41C000E36372 /* AcademyiPad */ = {
			isa = PBXGroup;
			children = (
				5BE70E3C282C424000E36372 /* Views */,
				5BE70E3B282C423900E36372 /* View Models */,
				5BE70E2D282C41C000E36372 /* AcademyiPadApp.swift */,
				5BE70E31282C41C200E36372 /* Assets.xcassets */,
				5BE70E33282C41C200E36372 /* Preview Content */,
			);
			path = AcademyiPad;
			sourceTree = "<group>";
		};
		5BE70E33282C41C200E36372 /* Preview Content */ = {
			isa = PBXGroup;
			children = (
				5BE70E34282C41C200E36372 /* Preview Assets.xcassets */,
			);
			path = "Preview Content";
			sourceTree = "<group>";
		};
		5BE70E39282C421900E36372 /* Views */ = {
			isa = PBXGroup;
			children = (
				119255B7282B4EA9008410F3 /* HelpListView.swift */,
				5BE70E54282C566B00E36372 /* RequestForHelpModalView.swift */,
			);
			path = Views;
			sourceTree = "<group>";
		};
		5BE70E3A282C421E00E36372 /* View Models */ = {
			isa = PBXGroup;
			children = (
				5BE70E52282C4BA700E36372 /* HelpListViewModel.swift */,
			);
			path = "View Models";
			sourceTree = "<group>";
		};
		5BE70E3B282C423900E36372 /* View Models */ = {
			isa = PBXGroup;
			children = (
			);
			path = "View Models";
			sourceTree = "<group>";
		};
		5BE70E3C282C424000E36372 /* Views */ = {
			isa = PBXGroup;
			children = (
				5BE70E2F282C41C000E36372 /* ContentView.swift */,
			);
			path = Views;
			sourceTree = "<group>";
		};
		5BE70E48282C46EC00E36372 /* Domain */ = {
			isa = PBXGroup;
			children = (
				5BE70E49282C46F500E36372 /* Use Cases */,
				5BE70E19282C332300E36372 /* Models */,
			);
			path = Domain;
			sourceTree = "<group>";
		};
		5BE70E49282C46F500E36372 /* Use Cases */ = {
			isa = PBXGroup;
			children = (
				5BE70E50282C4A6F00E36372 /* DateFormatter.swift */,
				5BE70E56282C57B500E36372 /* HelpFilter.swift */,
			);
			path = "Use Cases";
			sourceTree = "<group>";
		};
		5BE70E4A282C470000E36372 /* Network */ = {
			isa = PBXGroup;
			children = (
				119255AD282B4E84008410F3 /* HTTP.swift */,
			);
			path = Network;
			sourceTree = "<group>";
		};
/* End PBXGroup section */

/* Begin PBXHeadersBuildPhase section */
		1192559E282B4E77008410F3 /* Headers */ = {
			isa = PBXHeadersBuildPhase;
			buildActionMask = 2147483647;
			files = (
				119255A7282B4E77008410F3 /* Academy.h in Headers */,
			);
			runOnlyForDeploymentPostprocessing = 0;
		};
		119255DE282B51C9008410F3 /* Headers */ = {
			isa = PBXHeadersBuildPhase;
			buildActionMask = 2147483647;
			files = (
				119255E6282B51C9008410F3 /* AcademyUI.h in Headers */,
			);
			runOnlyForDeploymentPostprocessing = 0;
		};
/* End PBXHeadersBuildPhase section */

/* Begin PBXNativeTarget section */
		119255A2282B4E77008410F3 /* Academy */ = {
			isa = PBXNativeTarget;
			buildConfigurationList = 119255AA282B4E77008410F3 /* Build configuration list for PBXNativeTarget "Academy" */;
			buildPhases = (
				1192559E282B4E77008410F3 /* Headers */,
				1192559F282B4E77008410F3 /* Sources */,
				119255A0282B4E77008410F3 /* Frameworks */,
				119255A1282B4E77008410F3 /* Resources */,
			);
			buildRules = (
			);
			dependencies = (
			);
			name = Academy;
			productName = Academy;
			productReference = 119255A3282B4E77008410F3 /* Academy.framework */;
			productType = "com.apple.product-type.framework";
		};
		119255B2282B4EA9008410F3 /* AcademyiOS */ = {
			isa = PBXNativeTarget;
			buildConfigurationList = 119255BE282B4EAA008410F3 /* Build configuration list for PBXNativeTarget "AcademyiOS" */;
			buildPhases = (
				119255AF282B4EA9008410F3 /* Sources */,
				119255B0282B4EA9008410F3 /* Frameworks */,
				119255B1282B4EA9008410F3 /* Resources */,
				119255C6282B4EB3008410F3 /* Embed Frameworks */,
			);
			buildRules = (
			);
			dependencies = (
				119255C5282B4EB3008410F3 /* PBXTargetDependency */,
				119255E8282B51C9008410F3 /* PBXTargetDependency */,
			);
			name = AcademyiOS;
			productName = AcademyiOS;
			productReference = 119255B3282B4EA9008410F3 /* AcademyiOS.app */;
			productType = "com.apple.product-type.application";
		};
		119255CA282B4F00008410F3 /* AcademyTV */ = {
			isa = PBXNativeTarget;
			buildConfigurationList = 119255D6282B4F01008410F3 /* Build configuration list for PBXNativeTarget "AcademyTV" */;
			buildPhases = (
				119255C7282B4F00008410F3 /* Sources */,
				119255C8282B4F00008410F3 /* Frameworks */,
				119255C9282B4F00008410F3 /* Resources */,
				119255DD282B4F06008410F3 /* Embed Frameworks */,
			);
			buildRules = (
			);
			dependencies = (
				119255DC282B4F06008410F3 /* PBXTargetDependency */,
				119255F1282B51E5008410F3 /* PBXTargetDependency */,
			);
			name = AcademyTV;
			productName = AcademyTV;
			productReference = 119255CB282B4F00008410F3 /* AcademyTV.app */;
			productType = "com.apple.product-type.application";
		};
		119255E2282B51C9008410F3 /* AcademyUI */ = {
			isa = PBXNativeTarget;
			buildConfigurationList = 119255EB282B51C9008410F3 /* Build configuration list for PBXNativeTarget "AcademyUI" */;
			buildPhases = (
				119255DE282B51C9008410F3 /* Headers */,
				119255DF282B51C9008410F3 /* Sources */,
				119255E0282B51C9008410F3 /* Frameworks */,
				119255E1282B51C9008410F3 /* Resources */,
				5BE70E4F282C49F400E36372 /* Embed Frameworks */,
			);
			buildRules = (
			);
			dependencies = (
				5BE70E4E282C49F400E36372 /* PBXTargetDependency */,
			);
			name = AcademyUI;
			productName = AcademyUI;
			productReference = 119255E3282B51C9008410F3 /* AcademyUI.framework */;
			productType = "com.apple.product-type.framework";
		};
		5BE70E2A282C41C000E36372 /* AcademyiPad */ = {
			isa = PBXNativeTarget;
			buildConfigurationList = 5BE70E36282C41C200E36372 /* Build configuration list for PBXNativeTarget "AcademyiPad" */;
			buildPhases = (
				5BE70E27282C41C000E36372 /* Sources */,
				5BE70E28282C41C000E36372 /* Frameworks */,
				5BE70E29282C41C000E36372 /* Resources */,
				5BE70E43282C45B200E36372 /* Embed Frameworks */,
			);
			buildRules = (
			);
			dependencies = (
				5BE70E42282C45B200E36372 /* PBXTargetDependency */,
				5BE70E47282C45B600E36372 /* PBXTargetDependency */,
			);
			name = AcademyiPad;
			productName = AcademyiPad;
			productReference = 5BE70E2B282C41C000E36372 /* AcademyiPad.app */;
			productType = "com.apple.product-type.application";
		};
/* End PBXNativeTarget section */

/* Begin PBXProject section */
		1192559A282B4E77008410F3 /* Project object */ = {
			isa = PBXProject;
			attributes = {
				BuildIndependentTargetsInParallel = 1;
				LastSwiftUpdateCheck = 1330;
				LastUpgradeCheck = 1330;
				TargetAttributes = {
					119255A2282B4E77008410F3 = {
						CreatedOnToolsVersion = 13.3.1;
						LastSwiftMigration = 1330;
					};
					119255B2282B4EA9008410F3 = {
						CreatedOnToolsVersion = 13.3.1;
					};
					119255CA282B4F00008410F3 = {
						CreatedOnToolsVersion = 13.3.1;
					};
					119255E2282B51C9008410F3 = {
						CreatedOnToolsVersion = 13.3.1;
						LastSwiftMigration = 1330;
					};
					5BE70E2A282C41C000E36372 = {
						CreatedOnToolsVersion = 13.3.1;
					};
				};
			};
			buildConfigurationList = 1192559D282B4E77008410F3 /* Build configuration list for PBXProject "Academy" */;
			compatibilityVersion = "Xcode 13.0";
			developmentRegion = en;
			hasScannedForEncodings = 0;
			knownRegions = (
				en,
				Base,
			);
			mainGroup = 11925599282B4E77008410F3;
			productRefGroup = 119255A4282B4E77008410F3 /* Products */;
			projectDirPath = "";
			projectRoot = "";
			targets = (
				119255A2282B4E77008410F3 /* Academy */,
				119255B2282B4EA9008410F3 /* AcademyiOS */,
				119255CA282B4F00008410F3 /* AcademyTV */,
				119255E2282B51C9008410F3 /* AcademyUI */,
				5BE70E2A282C41C000E36372 /* AcademyiPad */,
			);
		};
/* End PBXProject section */

/* Begin PBXResourcesBuildPhase section */
		119255A1282B4E77008410F3 /* Resources */ = {
			isa = PBXResourcesBuildPhase;
			buildActionMask = 2147483647;
			files = (
			);
			runOnlyForDeploymentPostprocessing = 0;
		};
		119255B1282B4EA9008410F3 /* Resources */ = {
			isa = PBXResourcesBuildPhase;
			buildActionMask = 2147483647;
			files = (
				119255BD282B4EAA008410F3 /* Preview Assets.xcassets in Resources */,
				119255BA282B4EAA008410F3 /* Assets.xcassets in Resources */,
			);
			runOnlyForDeploymentPostprocessing = 0;
		};
		119255C9282B4F00008410F3 /* Resources */ = {
			isa = PBXResourcesBuildPhase;
			buildActionMask = 2147483647;
			files = (
				119255D5282B4F01008410F3 /* Preview Assets.xcassets in Resources */,
				119255D2282B4F01008410F3 /* Assets.xcassets in Resources */,
			);
			runOnlyForDeploymentPostprocessing = 0;
		};
		119255E1282B51C9008410F3 /* Resources */ = {
			isa = PBXResourcesBuildPhase;
			buildActionMask = 2147483647;
			files = (
			);
			runOnlyForDeploymentPostprocessing = 0;
		};
		5BE70E29282C41C000E36372 /* Resources */ = {
			isa = PBXResourcesBuildPhase;
			buildActionMask = 2147483647;
			files = (
				5BE70E35282C41C200E36372 /* Preview Assets.xcassets in Resources */,
				5BE70E32282C41C200E36372 /* Assets.xcassets in Resources */,
			);
			runOnlyForDeploymentPostprocessing = 0;
		};
/* End PBXResourcesBuildPhase section */

/* Begin PBXSourcesBuildPhase section */
		1192559F282B4E77008410F3 /* Sources */ = {
			isa = PBXSourcesBuildPhase;
			buildActionMask = 2147483647;
			files = (
				5BE70E23282C3EC000E36372 /* Announcement.swift in Sources */,
				5BE70E1D282C33B600E36372 /* Help.swift in Sources */,
				5BE70E57282C57B500E36372 /* HelpFilter.swift in Sources */,
				5BE70E1B282C338E00E36372 /* User.swift in Sources */,
				119255AE282B4E84008410F3 /* HTTP.swift in Sources */,
				5BE70E51282C4A6F00E36372 /* DateFormatter.swift in Sources */,
			);
			runOnlyForDeploymentPostprocessing = 0;
		};
		119255AF282B4EA9008410F3 /* Sources */ = {
			isa = PBXSourcesBuildPhase;
			buildActionMask = 2147483647;
			files = (
				119255B8282B4EA9008410F3 /* HelpListView.swift in Sources */,
				5BE70E55282C566B00E36372 /* RequestForHelpModalView.swift in Sources */,
				119255B6282B4EA9008410F3 /* AcademyiOSApp.swift in Sources */,
				5BE70E53282C4BA700E36372 /* HelpListViewModel.swift in Sources */,
			);
			runOnlyForDeploymentPostprocessing = 0;
		};
		119255C7282B4F00008410F3 /* Sources */ = {
			isa = PBXSourcesBuildPhase;
			buildActionMask = 2147483647;
			files = (
				119255D0282B4F00008410F3 /* ContentView.swift in Sources */,
				119255CE282B4F00008410F3 /* AcademyTVApp.swift in Sources */,
				5BE70E20282C3D0A00E36372 /* ContentViewModel.swift in Sources */,
			);
			runOnlyForDeploymentPostprocessing = 0;
		};
		119255DF282B51C9008410F3 /* Sources */ = {
			isa = PBXSourcesBuildPhase;
			buildActionMask = 2147483647;
			files = (
				5BE70E59282C596200E36372 /* HelpTypeFilterButton.swift in Sources */,
				5BE70E26282C3F6B00E36372 /* HelpCard.swift in Sources */,
			);
			runOnlyForDeploymentPostprocessing = 0;
		};
		5BE70E27282C41C000E36372 /* Sources */ = {
			isa = PBXSourcesBuildPhase;
			buildActionMask = 2147483647;
			files = (
				5BE70E30282C41C000E36372 /* ContentView.swift in Sources */,
				5BE70E2E282C41C000E36372 /* AcademyiPadApp.swift in Sources */,
			);
			runOnlyForDeploymentPostprocessing = 0;
		};
/* End PBXSourcesBuildPhase section */

/* Begin PBXTargetDependency section */
		119255C5282B4EB3008410F3 /* PBXTargetDependency */ = {
			isa = PBXTargetDependency;
			target = 119255A2282B4E77008410F3 /* Academy */;
			targetProxy = 119255C4282B4EB3008410F3 /* PBXContainerItemProxy */;
		};
		119255DC282B4F06008410F3 /* PBXTargetDependency */ = {
			isa = PBXTargetDependency;
			target = 119255A2282B4E77008410F3 /* Academy */;
			targetProxy = 119255DB282B4F06008410F3 /* PBXContainerItemProxy */;
		};
		119255E8282B51C9008410F3 /* PBXTargetDependency */ = {
			isa = PBXTargetDependency;
			target = 119255E2282B51C9008410F3 /* AcademyUI */;
			targetProxy = 119255E7282B51C9008410F3 /* PBXContainerItemProxy */;
		};
		119255F1282B51E5008410F3 /* PBXTargetDependency */ = {
			isa = PBXTargetDependency;
			target = 119255E2282B51C9008410F3 /* AcademyUI */;
			targetProxy = 119255F0282B51E5008410F3 /* PBXContainerItemProxy */;
		};
		5BE70E42282C45B200E36372 /* PBXTargetDependency */ = {
			isa = PBXTargetDependency;
			target = 119255A2282B4E77008410F3 /* Academy */;
			targetProxy = 5BE70E41282C45B200E36372 /* PBXContainerItemProxy */;
		};
		5BE70E47282C45B600E36372 /* PBXTargetDependency */ = {
			isa = PBXTargetDependency;
			target = 119255E2282B51C9008410F3 /* AcademyUI */;
			targetProxy = 5BE70E46282C45B600E36372 /* PBXContainerItemProxy */;
		};
		5BE70E4E282C49F400E36372 /* PBXTargetDependency */ = {
			isa = PBXTargetDependency;
			target = 119255A2282B4E77008410F3 /* Academy */;
			targetProxy = 5BE70E4D282C49F400E36372 /* PBXContainerItemProxy */;
		};
/* End PBXTargetDependency section */

/* Begin XCBuildConfiguration section */
		119255A8282B4E77008410F3 /* Debug */ = {
			isa = XCBuildConfiguration;
			buildSettings = {
				ALWAYS_SEARCH_USER_PATHS = NO;
				CLANG_ANALYZER_NONNULL = YES;
				CLANG_ANALYZER_NUMBER_OBJECT_CONVERSION = YES_AGGRESSIVE;
				CLANG_CXX_LANGUAGE_STANDARD = "gnu++17";
				CLANG_ENABLE_MODULES = YES;
				CLANG_ENABLE_OBJC_ARC = YES;
				CLANG_ENABLE_OBJC_WEAK = YES;
				CLANG_WARN_BLOCK_CAPTURE_AUTORELEASING = YES;
				CLANG_WARN_BOOL_CONVERSION = YES;
				CLANG_WARN_COMMA = YES;
				CLANG_WARN_CONSTANT_CONVERSION = YES;
				CLANG_WARN_DEPRECATED_OBJC_IMPLEMENTATIONS = YES;
				CLANG_WARN_DIRECT_OBJC_ISA_USAGE = YES_ERROR;
				CLANG_WARN_DOCUMENTATION_COMMENTS = YES;
				CLANG_WARN_EMPTY_BODY = YES;
				CLANG_WARN_ENUM_CONVERSION = YES;
				CLANG_WARN_INFINITE_RECURSION = YES;
				CLANG_WARN_INT_CONVERSION = YES;
				CLANG_WARN_NON_LITERAL_NULL_CONVERSION = YES;
				CLANG_WARN_OBJC_IMPLICIT_RETAIN_SELF = YES;
				CLANG_WARN_OBJC_LITERAL_CONVERSION = YES;
				CLANG_WARN_OBJC_ROOT_CLASS = YES_ERROR;
				CLANG_WARN_QUOTED_INCLUDE_IN_FRAMEWORK_HEADER = YES;
				CLANG_WARN_RANGE_LOOP_ANALYSIS = YES;
				CLANG_WARN_STRICT_PROTOTYPES = YES;
				CLANG_WARN_SUSPICIOUS_MOVE = YES;
				CLANG_WARN_UNGUARDED_AVAILABILITY = YES_AGGRESSIVE;
				CLANG_WARN_UNREACHABLE_CODE = YES;
				CLANG_WARN__DUPLICATE_METHOD_MATCH = YES;
				COPY_PHASE_STRIP = NO;
				CURRENT_PROJECT_VERSION = 1;
				DEBUG_INFORMATION_FORMAT = dwarf;
				ENABLE_STRICT_OBJC_MSGSEND = YES;
				ENABLE_TESTABILITY = YES;
				GCC_C_LANGUAGE_STANDARD = gnu11;
				GCC_DYNAMIC_NO_PIC = NO;
				GCC_NO_COMMON_BLOCKS = YES;
				GCC_OPTIMIZATION_LEVEL = 0;
				GCC_PREPROCESSOR_DEFINITIONS = (
					"DEBUG=1",
					"$(inherited)",
				);
				GCC_WARN_64_TO_32_BIT_CONVERSION = YES;
				GCC_WARN_ABOUT_RETURN_TYPE = YES_ERROR;
				GCC_WARN_UNDECLARED_SELECTOR = YES;
				GCC_WARN_UNINITIALIZED_AUTOS = YES_AGGRESSIVE;
				GCC_WARN_UNUSED_FUNCTION = YES;
				GCC_WARN_UNUSED_VARIABLE = YES;
				IPHONEOS_DEPLOYMENT_TARGET = 15.4;
				MTL_ENABLE_DEBUG_INFO = INCLUDE_SOURCE;
				MTL_FAST_MATH = YES;
				ONLY_ACTIVE_ARCH = YES;
				SDKROOT = iphoneos;
				SWIFT_ACTIVE_COMPILATION_CONDITIONS = DEBUG;
				SWIFT_OPTIMIZATION_LEVEL = "-Onone";
				VERSIONING_SYSTEM = "apple-generic";
				VERSION_INFO_PREFIX = "";
			};
			name = Debug;
		};
		119255A9282B4E77008410F3 /* Release */ = {
			isa = XCBuildConfiguration;
			buildSettings = {
				ALWAYS_SEARCH_USER_PATHS = NO;
				CLANG_ANALYZER_NONNULL = YES;
				CLANG_ANALYZER_NUMBER_OBJECT_CONVERSION = YES_AGGRESSIVE;
				CLANG_CXX_LANGUAGE_STANDARD = "gnu++17";
				CLANG_ENABLE_MODULES = YES;
				CLANG_ENABLE_OBJC_ARC = YES;
				CLANG_ENABLE_OBJC_WEAK = YES;
				CLANG_WARN_BLOCK_CAPTURE_AUTORELEASING = YES;
				CLANG_WARN_BOOL_CONVERSION = YES;
				CLANG_WARN_COMMA = YES;
				CLANG_WARN_CONSTANT_CONVERSION = YES;
				CLANG_WARN_DEPRECATED_OBJC_IMPLEMENTATIONS = YES;
				CLANG_WARN_DIRECT_OBJC_ISA_USAGE = YES_ERROR;
				CLANG_WARN_DOCUMENTATION_COMMENTS = YES;
				CLANG_WARN_EMPTY_BODY = YES;
				CLANG_WARN_ENUM_CONVERSION = YES;
				CLANG_WARN_INFINITE_RECURSION = YES;
				CLANG_WARN_INT_CONVERSION = YES;
				CLANG_WARN_NON_LITERAL_NULL_CONVERSION = YES;
				CLANG_WARN_OBJC_IMPLICIT_RETAIN_SELF = YES;
				CLANG_WARN_OBJC_LITERAL_CONVERSION = YES;
				CLANG_WARN_OBJC_ROOT_CLASS = YES_ERROR;
				CLANG_WARN_QUOTED_INCLUDE_IN_FRAMEWORK_HEADER = YES;
				CLANG_WARN_RANGE_LOOP_ANALYSIS = YES;
				CLANG_WARN_STRICT_PROTOTYPES = YES;
				CLANG_WARN_SUSPICIOUS_MOVE = YES;
				CLANG_WARN_UNGUARDED_AVAILABILITY = YES_AGGRESSIVE;
				CLANG_WARN_UNREACHABLE_CODE = YES;
				CLANG_WARN__DUPLICATE_METHOD_MATCH = YES;
				COPY_PHASE_STRIP = NO;
				CURRENT_PROJECT_VERSION = 1;
				DEBUG_INFORMATION_FORMAT = "dwarf-with-dsym";
				ENABLE_NS_ASSERTIONS = NO;
				ENABLE_STRICT_OBJC_MSGSEND = YES;
				GCC_C_LANGUAGE_STANDARD = gnu11;
				GCC_NO_COMMON_BLOCKS = YES;
				GCC_WARN_64_TO_32_BIT_CONVERSION = YES;
				GCC_WARN_ABOUT_RETURN_TYPE = YES_ERROR;
				GCC_WARN_UNDECLARED_SELECTOR = YES;
				GCC_WARN_UNINITIALIZED_AUTOS = YES_AGGRESSIVE;
				GCC_WARN_UNUSED_FUNCTION = YES;
				GCC_WARN_UNUSED_VARIABLE = YES;
				IPHONEOS_DEPLOYMENT_TARGET = 15.4;
				MTL_ENABLE_DEBUG_INFO = NO;
				MTL_FAST_MATH = YES;
				SDKROOT = iphoneos;
				SWIFT_COMPILATION_MODE = wholemodule;
				SWIFT_OPTIMIZATION_LEVEL = "-O";
				VALIDATE_PRODUCT = YES;
				VERSIONING_SYSTEM = "apple-generic";
				VERSION_INFO_PREFIX = "";
			};
			name = Release;
		};
		119255AB282B4E77008410F3 /* Debug */ = {
			isa = XCBuildConfiguration;
			buildSettings = {
				ALLOW_TARGET_PLATFORM_SPECIALIZATION = YES;
				CLANG_ENABLE_MODULES = YES;
				CODE_SIGN_STYLE = Automatic;
				CURRENT_PROJECT_VERSION = 1;
				DEFINES_MODULE = YES;
				DEVELOPMENT_TEAM = UL74FQ825B;
				DYLIB_COMPATIBILITY_VERSION = 1;
				DYLIB_CURRENT_VERSION = 1;
				DYLIB_INSTALL_NAME_BASE = "@rpath";
				GENERATE_INFOPLIST_FILE = YES;
				INFOPLIST_KEY_NSHumanReadableCopyright = "";
				INSTALL_PATH = "$(LOCAL_LIBRARY_DIR)/Frameworks";
				LD_RUNPATH_SEARCH_PATHS = (
					"$(inherited)",
					"@executable_path/Frameworks",
					"@loader_path/Frameworks",
				);
				MARKETING_VERSION = 1.0;
				PRODUCT_BUNDLE_IDENTIFIER = cc.nimidesign.Academy;
				PRODUCT_NAME = "$(TARGET_NAME:c99extidentifier)";
				SKIP_INSTALL = YES;
				SUPPORTED_PLATFORMS = "watchsimulator watchos macosx iphonesimulator iphoneos driverkit appletvsimulator appletvos";
				SUPPORTS_MACCATALYST = YES;
				SWIFT_EMIT_LOC_STRINGS = YES;
				SWIFT_OPTIMIZATION_LEVEL = "-Onone";
				SWIFT_VERSION = 5.0;
				TARGETED_DEVICE_FAMILY = "1,2,3";
			};
			name = Debug;
		};
		119255AC282B4E77008410F3 /* Release */ = {
			isa = XCBuildConfiguration;
			buildSettings = {
				ALLOW_TARGET_PLATFORM_SPECIALIZATION = YES;
				CLANG_ENABLE_MODULES = YES;
				CODE_SIGN_STYLE = Automatic;
				CURRENT_PROJECT_VERSION = 1;
				DEFINES_MODULE = YES;
				DEVELOPMENT_TEAM = UL74FQ825B;
				DYLIB_COMPATIBILITY_VERSION = 1;
				DYLIB_CURRENT_VERSION = 1;
				DYLIB_INSTALL_NAME_BASE = "@rpath";
				GENERATE_INFOPLIST_FILE = YES;
				INFOPLIST_KEY_NSHumanReadableCopyright = "";
				INSTALL_PATH = "$(LOCAL_LIBRARY_DIR)/Frameworks";
				LD_RUNPATH_SEARCH_PATHS = (
					"$(inherited)",
					"@executable_path/Frameworks",
					"@loader_path/Frameworks",
				);
				MARKETING_VERSION = 1.0;
				PRODUCT_BUNDLE_IDENTIFIER = cc.nimidesign.Academy;
				PRODUCT_NAME = "$(TARGET_NAME:c99extidentifier)";
				SKIP_INSTALL = YES;
				SUPPORTED_PLATFORMS = "watchsimulator watchos macosx iphonesimulator iphoneos driverkit appletvsimulator appletvos";
				SUPPORTS_MACCATALYST = YES;
				SWIFT_EMIT_LOC_STRINGS = YES;
				SWIFT_VERSION = 5.0;
				TARGETED_DEVICE_FAMILY = "1,2,3";
			};
			name = Release;
		};
		119255BF282B4EAA008410F3 /* Debug */ = {
			isa = XCBuildConfiguration;
			buildSettings = {
				ALWAYS_EMBED_SWIFT_STANDARD_LIBRARIES = YES;
				ASSETCATALOG_COMPILER_APPICON_NAME = AppIcon;
				ASSETCATALOG_COMPILER_GLOBAL_ACCENT_COLOR_NAME = AccentColor;
				CODE_SIGN_STYLE = Automatic;
				CURRENT_PROJECT_VERSION = 1;
				DEVELOPMENT_ASSET_PATHS = "\"AcademyiOS/Preview Content\"";
				DEVELOPMENT_TEAM = UL74FQ825B;
				ENABLE_PREVIEWS = YES;
				GENERATE_INFOPLIST_FILE = YES;
				INFOPLIST_KEY_UIApplicationSceneManifest_Generation = YES;
				INFOPLIST_KEY_UIApplicationSupportsIndirectInputEvents = YES;
				INFOPLIST_KEY_UILaunchScreen_Generation = YES;
				INFOPLIST_KEY_UISupportedInterfaceOrientations_iPad = "UIInterfaceOrientationPortrait UIInterfaceOrientationPortraitUpsideDown UIInterfaceOrientationLandscapeLeft UIInterfaceOrientationLandscapeRight";
				INFOPLIST_KEY_UISupportedInterfaceOrientations_iPhone = "UIInterfaceOrientationPortrait UIInterfaceOrientationLandscapeLeft UIInterfaceOrientationLandscapeRight";
				LD_RUNPATH_SEARCH_PATHS = (
					"$(inherited)",
					"@executable_path/Frameworks",
				);
				MARKETING_VERSION = 1.0;
				PRODUCT_BUNDLE_IDENTIFIER = cc.nimidesign.AcademyiOS;
				PRODUCT_NAME = "$(TARGET_NAME)";
				SWIFT_EMIT_LOC_STRINGS = YES;
				SWIFT_VERSION = 5.0;
				TARGETED_DEVICE_FAMILY = "1,2";
			};
			name = Debug;
		};
		119255C0282B4EAA008410F3 /* Release */ = {
			isa = XCBuildConfiguration;
			buildSettings = {
				ALWAYS_EMBED_SWIFT_STANDARD_LIBRARIES = YES;
				ASSETCATALOG_COMPILER_APPICON_NAME = AppIcon;
				ASSETCATALOG_COMPILER_GLOBAL_ACCENT_COLOR_NAME = AccentColor;
				CODE_SIGN_STYLE = Automatic;
				CURRENT_PROJECT_VERSION = 1;
				DEVELOPMENT_ASSET_PATHS = "\"AcademyiOS/Preview Content\"";
				DEVELOPMENT_TEAM = UL74FQ825B;
				ENABLE_PREVIEWS = YES;
				GENERATE_INFOPLIST_FILE = YES;
				INFOPLIST_KEY_UIApplicationSceneManifest_Generation = YES;
				INFOPLIST_KEY_UIApplicationSupportsIndirectInputEvents = YES;
				INFOPLIST_KEY_UILaunchScreen_Generation = YES;
				INFOPLIST_KEY_UISupportedInterfaceOrientations_iPad = "UIInterfaceOrientationPortrait UIInterfaceOrientationPortraitUpsideDown UIInterfaceOrientationLandscapeLeft UIInterfaceOrientationLandscapeRight";
				INFOPLIST_KEY_UISupportedInterfaceOrientations_iPhone = "UIInterfaceOrientationPortrait UIInterfaceOrientationLandscapeLeft UIInterfaceOrientationLandscapeRight";
				LD_RUNPATH_SEARCH_PATHS = (
					"$(inherited)",
					"@executable_path/Frameworks",
				);
				MARKETING_VERSION = 1.0;
				PRODUCT_BUNDLE_IDENTIFIER = cc.nimidesign.AcademyiOS;
				PRODUCT_NAME = "$(TARGET_NAME)";
				SWIFT_EMIT_LOC_STRINGS = YES;
				SWIFT_VERSION = 5.0;
				TARGETED_DEVICE_FAMILY = "1,2";
			};
			name = Release;
		};
		119255D7282B4F01008410F3 /* Debug */ = {
			isa = XCBuildConfiguration;
			buildSettings = {
				ALWAYS_EMBED_SWIFT_STANDARD_LIBRARIES = YES;
				ASSETCATALOG_COMPILER_APPICON_NAME = "App Icon & Top Shelf Image";
				ASSETCATALOG_COMPILER_GLOBAL_ACCENT_COLOR_NAME = AccentColor;
				CODE_SIGN_STYLE = Automatic;
				CURRENT_PROJECT_VERSION = 1;
				DEVELOPMENT_ASSET_PATHS = "\"AcademyTV/Preview Content\"";
				DEVELOPMENT_TEAM = UL74FQ825B;
				ENABLE_PREVIEWS = YES;
				GENERATE_INFOPLIST_FILE = YES;
				INFOPLIST_KEY_UILaunchScreen_Generation = YES;
				INFOPLIST_KEY_UIUserInterfaceStyle = Automatic;
				LD_RUNPATH_SEARCH_PATHS = (
					"$(inherited)",
					"@executable_path/Frameworks",
				);
				MARKETING_VERSION = 1.0;
				PRODUCT_BUNDLE_IDENTIFIER = cc.nimidesign.AcademyTV;
				PRODUCT_NAME = "$(TARGET_NAME)";
				SDKROOT = appletvos;
				SWIFT_EMIT_LOC_STRINGS = YES;
				SWIFT_VERSION = 5.0;
				TARGETED_DEVICE_FAMILY = 3;
				TVOS_DEPLOYMENT_TARGET = 15.4;
			};
			name = Debug;
		};
		119255D8282B4F01008410F3 /* Release */ = {
			isa = XCBuildConfiguration;
			buildSettings = {
				ALWAYS_EMBED_SWIFT_STANDARD_LIBRARIES = YES;
				ASSETCATALOG_COMPILER_APPICON_NAME = "App Icon & Top Shelf Image";
				ASSETCATALOG_COMPILER_GLOBAL_ACCENT_COLOR_NAME = AccentColor;
				CODE_SIGN_STYLE = Automatic;
				CURRENT_PROJECT_VERSION = 1;
				DEVELOPMENT_ASSET_PATHS = "\"AcademyTV/Preview Content\"";
				DEVELOPMENT_TEAM = UL74FQ825B;
				ENABLE_PREVIEWS = YES;
				GENERATE_INFOPLIST_FILE = YES;
				INFOPLIST_KEY_UILaunchScreen_Generation = YES;
				INFOPLIST_KEY_UIUserInterfaceStyle = Automatic;
				LD_RUNPATH_SEARCH_PATHS = (
					"$(inherited)",
					"@executable_path/Frameworks",
				);
				MARKETING_VERSION = 1.0;
				PRODUCT_BUNDLE_IDENTIFIER = cc.nimidesign.AcademyTV;
				PRODUCT_NAME = "$(TARGET_NAME)";
				SDKROOT = appletvos;
				SWIFT_EMIT_LOC_STRINGS = YES;
				SWIFT_VERSION = 5.0;
				TARGETED_DEVICE_FAMILY = 3;
				TVOS_DEPLOYMENT_TARGET = 15.4;
			};
			name = Release;
		};
		119255EC282B51C9008410F3 /* Debug */ = {
			isa = XCBuildConfiguration;
			buildSettings = {
				ALLOW_TARGET_PLATFORM_SPECIALIZATION = YES;
				CLANG_ENABLE_MODULES = YES;
				CODE_SIGN_STYLE = Automatic;
				CURRENT_PROJECT_VERSION = 1;
				DEFINES_MODULE = YES;
				DEVELOPMENT_TEAM = UL74FQ825B;
				DYLIB_COMPATIBILITY_VERSION = 1;
				DYLIB_CURRENT_VERSION = 1;
				DYLIB_INSTALL_NAME_BASE = "@rpath";
				GENERATE_INFOPLIST_FILE = YES;
				INFOPLIST_KEY_NSHumanReadableCopyright = "";
				INSTALL_PATH = "$(LOCAL_LIBRARY_DIR)/Frameworks";
				LD_RUNPATH_SEARCH_PATHS = (
					"$(inherited)",
					"@executable_path/Frameworks",
					"@loader_path/Frameworks",
				);
				MARKETING_VERSION = 1.0;
				PRODUCT_BUNDLE_IDENTIFIER = cc.nimidesign.AcademyUI;
				PRODUCT_NAME = "$(TARGET_NAME:c99extidentifier)";
				SKIP_INSTALL = YES;
				SUPPORTED_PLATFORMS = "watchsimulator watchos macosx iphonesimulator iphoneos driverkit appletvsimulator appletvos";
				SUPPORTS_MACCATALYST = YES;
				SWIFT_EMIT_LOC_STRINGS = YES;
				SWIFT_OPTIMIZATION_LEVEL = "-Onone";
				SWIFT_VERSION = 5.0;
				TARGETED_DEVICE_FAMILY = "1,2,3";
			};
			name = Debug;
		};
		119255ED282B51C9008410F3 /* Release */ = {
			isa = XCBuildConfiguration;
			buildSettings = {
				ALLOW_TARGET_PLATFORM_SPECIALIZATION = YES;
				CLANG_ENABLE_MODULES = YES;
				CODE_SIGN_STYLE = Automatic;
				CURRENT_PROJECT_VERSION = 1;
				DEFINES_MODULE = YES;
				DEVELOPMENT_TEAM = UL74FQ825B;
				DYLIB_COMPATIBILITY_VERSION = 1;
				DYLIB_CURRENT_VERSION = 1;
				DYLIB_INSTALL_NAME_BASE = "@rpath";
				GENERATE_INFOPLIST_FILE = YES;
				INFOPLIST_KEY_NSHumanReadableCopyright = "";
				INSTALL_PATH = "$(LOCAL_LIBRARY_DIR)/Frameworks";
				LD_RUNPATH_SEARCH_PATHS = (
					"$(inherited)",
					"@executable_path/Frameworks",
					"@loader_path/Frameworks",
				);
				MARKETING_VERSION = 1.0;
				PRODUCT_BUNDLE_IDENTIFIER = cc.nimidesign.AcademyUI;
				PRODUCT_NAME = "$(TARGET_NAME:c99extidentifier)";
				SKIP_INSTALL = YES;
				SUPPORTED_PLATFORMS = "watchsimulator watchos macosx iphonesimulator iphoneos driverkit appletvsimulator appletvos";
				SUPPORTS_MACCATALYST = YES;
				SWIFT_EMIT_LOC_STRINGS = YES;
				SWIFT_VERSION = 5.0;
				TARGETED_DEVICE_FAMILY = "1,2,3";
			};
			name = Release;
		};
		5BE70E37282C41C200E36372 /* Debug */ = {
			isa = XCBuildConfiguration;
			buildSettings = {
				ASSETCATALOG_COMPILER_APPICON_NAME = AppIcon;
				ASSETCATALOG_COMPILER_GLOBAL_ACCENT_COLOR_NAME = AccentColor;
				CODE_SIGN_STYLE = Automatic;
				CURRENT_PROJECT_VERSION = 1;
				DEVELOPMENT_ASSET_PATHS = "\"AcademyiPad/Preview Content\"";
				DEVELOPMENT_TEAM = VWZ6P536SX;
				ENABLE_PREVIEWS = YES;
				GENERATE_INFOPLIST_FILE = YES;
				INFOPLIST_KEY_UIApplicationSceneManifest_Generation = YES;
				INFOPLIST_KEY_UIApplicationSupportsIndirectInputEvents = YES;
				INFOPLIST_KEY_UILaunchScreen_Generation = YES;
				INFOPLIST_KEY_UISupportedInterfaceOrientations_iPad = "UIInterfaceOrientationPortrait UIInterfaceOrientationPortraitUpsideDown UIInterfaceOrientationLandscapeLeft UIInterfaceOrientationLandscapeRight";
				INFOPLIST_KEY_UISupportedInterfaceOrientations_iPhone = "UIInterfaceOrientationPortrait UIInterfaceOrientationLandscapeLeft UIInterfaceOrientationLandscapeRight";
				LD_RUNPATH_SEARCH_PATHS = (
					"$(inherited)",
					"@executable_path/Frameworks",
				);
				MARKETING_VERSION = 1.0;
				PRODUCT_BUNDLE_IDENTIFIER = com.andrearns.AcademyiPad;
				PRODUCT_NAME = "$(TARGET_NAME)";
				SWIFT_EMIT_LOC_STRINGS = YES;
				SWIFT_VERSION = 5.0;
				TARGETED_DEVICE_FAMILY = "1,2";
			};
			name = Debug;
		};
		5BE70E38282C41C200E36372 /* Release */ = {
			isa = XCBuildConfiguration;
			buildSettings = {
				ASSETCATALOG_COMPILER_APPICON_NAME = AppIcon;
				ASSETCATALOG_COMPILER_GLOBAL_ACCENT_COLOR_NAME = AccentColor;
				CODE_SIGN_STYLE = Automatic;
				CURRENT_PROJECT_VERSION = 1;
				DEVELOPMENT_ASSET_PATHS = "\"AcademyiPad/Preview Content\"";
				DEVELOPMENT_TEAM = VWZ6P536SX;
				ENABLE_PREVIEWS = YES;
				GENERATE_INFOPLIST_FILE = YES;
				INFOPLIST_KEY_UIApplicationSceneManifest_Generation = YES;
				INFOPLIST_KEY_UIApplicationSupportsIndirectInputEvents = YES;
				INFOPLIST_KEY_UILaunchScreen_Generation = YES;
				INFOPLIST_KEY_UISupportedInterfaceOrientations_iPad = "UIInterfaceOrientationPortrait UIInterfaceOrientationPortraitUpsideDown UIInterfaceOrientationLandscapeLeft UIInterfaceOrientationLandscapeRight";
				INFOPLIST_KEY_UISupportedInterfaceOrientations_iPhone = "UIInterfaceOrientationPortrait UIInterfaceOrientationLandscapeLeft UIInterfaceOrientationLandscapeRight";
				LD_RUNPATH_SEARCH_PATHS = (
					"$(inherited)",
					"@executable_path/Frameworks",
				);
				MARKETING_VERSION = 1.0;
				PRODUCT_BUNDLE_IDENTIFIER = com.andrearns.AcademyiPad;
				PRODUCT_NAME = "$(TARGET_NAME)";
				SWIFT_EMIT_LOC_STRINGS = YES;
				SWIFT_VERSION = 5.0;
				TARGETED_DEVICE_FAMILY = "1,2";
			};
			name = Release;
		};
/* End XCBuildConfiguration section */

/* Begin XCConfigurationList section */
		1192559D282B4E77008410F3 /* Build configuration list for PBXProject "Academy" */ = {
			isa = XCConfigurationList;
			buildConfigurations = (
				119255A8282B4E77008410F3 /* Debug */,
				119255A9282B4E77008410F3 /* Release */,
			);
			defaultConfigurationIsVisible = 0;
			defaultConfigurationName = Release;
		};
		119255AA282B4E77008410F3 /* Build configuration list for PBXNativeTarget "Academy" */ = {
			isa = XCConfigurationList;
			buildConfigurations = (
				119255AB282B4E77008410F3 /* Debug */,
				119255AC282B4E77008410F3 /* Release */,
			);
			defaultConfigurationIsVisible = 0;
			defaultConfigurationName = Release;
		};
		119255BE282B4EAA008410F3 /* Build configuration list for PBXNativeTarget "AcademyiOS" */ = {
			isa = XCConfigurationList;
			buildConfigurations = (
				119255BF282B4EAA008410F3 /* Debug */,
				119255C0282B4EAA008410F3 /* Release */,
			);
			defaultConfigurationIsVisible = 0;
			defaultConfigurationName = Release;
		};
		119255D6282B4F01008410F3 /* Build configuration list for PBXNativeTarget "AcademyTV" */ = {
			isa = XCConfigurationList;
			buildConfigurations = (
				119255D7282B4F01008410F3 /* Debug */,
				119255D8282B4F01008410F3 /* Release */,
			);
			defaultConfigurationIsVisible = 0;
			defaultConfigurationName = Release;
		};
		119255EB282B51C9008410F3 /* Build configuration list for PBXNativeTarget "AcademyUI" */ = {
			isa = XCConfigurationList;
			buildConfigurations = (
				119255EC282B51C9008410F3 /* Debug */,
				119255ED282B51C9008410F3 /* Release */,
			);
			defaultConfigurationIsVisible = 0;
			defaultConfigurationName = Release;
		};
		5BE70E36282C41C200E36372 /* Build configuration list for PBXNativeTarget "AcademyiPad" */ = {
			isa = XCConfigurationList;
			buildConfigurations = (
				5BE70E37282C41C200E36372 /* Debug */,
				5BE70E38282C41C200E36372 /* Release */,
			);
			defaultConfigurationIsVisible = 0;
			defaultConfigurationName = Release;
		};
/* End XCConfigurationList section */
	};
	rootObject = 1192559A282B4E77008410F3 /* Project object */;
}
