// !$*UTF8*$!
{
	archiveVersion = 1;
	classes = {
	};
	objectVersion = 55;
	objects = {

/* Begin PBXBuildFile section */
		119255A7282B4E77008410F3 /* Academy.h in Headers */ = {isa = PBXBuildFile; fileRef = 119255A6282B4E77008410F3 /* Academy.h */; settings = {ATTRIBUTES = (Public, ); }; };
		119255B6282B4EA9008410F3 /* AcademyiOSApp.swift in Sources */ = {isa = PBXBuildFile; fileRef = 119255B5282B4EA9008410F3 /* AcademyiOSApp.swift */; };
		119255B8282B4EA9008410F3 /* HelpListView.swift in Sources */ = {isa = PBXBuildFile; fileRef = 119255B7282B4EA9008410F3 /* HelpListView.swift */; };
		119255BA282B4EAA008410F3 /* Assets.xcassets in Resources */ = {isa = PBXBuildFile; fileRef = 119255B9282B4EAA008410F3 /* Assets.xcassets */; };
		119255BD282B4EAA008410F3 /* Preview Assets.xcassets in Resources */ = {isa = PBXBuildFile; fileRef = 119255BC282B4EAA008410F3 /* Preview Assets.xcassets */; };
		119255C2282B4EB3008410F3 /* Academy.framework in Frameworks */ = {isa = PBXBuildFile; fileRef = 119255A3282B4E77008410F3 /* Academy.framework */; };
		119255C3282B4EB3008410F3 /* Academy.framework in Embed Frameworks */ = {isa = PBXBuildFile; fileRef = 119255A3282B4E77008410F3 /* Academy.framework */; settings = {ATTRIBUTES = (CodeSignOnCopy, RemoveHeadersOnCopy, ); }; };
		119255CE282B4F00008410F3 /* AcademyTVApp.swift in Sources */ = {isa = PBXBuildFile; fileRef = 119255CD282B4F00008410F3 /* AcademyTVApp.swift */; };
		119255D0282B4F00008410F3 /* ContentView.swift in Sources */ = {isa = PBXBuildFile; fileRef = 119255CF282B4F00008410F3 /* ContentView.swift */; };
		119255D2282B4F01008410F3 /* Assets.xcassets in Resources */ = {isa = PBXBuildFile; fileRef = 119255D1282B4F01008410F3 /* Assets.xcassets */; };
		119255D5282B4F01008410F3 /* Preview Assets.xcassets in Resources */ = {isa = PBXBuildFile; fileRef = 119255D4282B4F01008410F3 /* Preview Assets.xcassets */; };
		119255D9282B4F06008410F3 /* Academy.framework in Frameworks */ = {isa = PBXBuildFile; fileRef = 119255A3282B4E77008410F3 /* Academy.framework */; };
		119255DA282B4F06008410F3 /* Academy.framework in Embed Frameworks */ = {isa = PBXBuildFile; fileRef = 119255A3282B4E77008410F3 /* Academy.framework */; settings = {ATTRIBUTES = (CodeSignOnCopy, RemoveHeadersOnCopy, ); }; };
		119255E6282B51C9008410F3 /* AcademyUI.h in Headers */ = {isa = PBXBuildFile; fileRef = 119255E5282B51C9008410F3 /* AcademyUI.h */; settings = {ATTRIBUTES = (Public, ); }; };
		119255E9282B51C9008410F3 /* AcademyUI.framework in Frameworks */ = {isa = PBXBuildFile; fileRef = 119255E3282B51C9008410F3 /* AcademyUI.framework */; };
		119255EA282B51C9008410F3 /* AcademyUI.framework in Embed Frameworks */ = {isa = PBXBuildFile; fileRef = 119255E3282B51C9008410F3 /* AcademyUI.framework */; settings = {ATTRIBUTES = (CodeSignOnCopy, RemoveHeadersOnCopy, ); }; };
		119255EE282B51E5008410F3 /* AcademyUI.framework in Frameworks */ = {isa = PBXBuildFile; fileRef = 119255E3282B51C9008410F3 /* AcademyUI.framework */; };
		119255EF282B51E5008410F3 /* AcademyUI.framework in Embed Frameworks */ = {isa = PBXBuildFile; fileRef = 119255E3282B51C9008410F3 /* AcademyUI.framework */; settings = {ATTRIBUTES = (CodeSignOnCopy, RemoveHeadersOnCopy, ); }; };
		5BC2EAB92831B8000071821E /* HelpRepository.swift in Sources */ = {isa = PBXBuildFile; fileRef = 5BC2EAB82831B8000071821E /* HelpRepository.swift */; };
		5BC2EABC2831CF0B0071821E /* AnnouncementRepository.swift in Sources */ = {isa = PBXBuildFile; fileRef = 5BC2EABB2831CF0B0071821E /* AnnouncementRepository.swift */; };
		5BC2EABE2831D2580071821E /* HomeViewModel.swift in Sources */ = {isa = PBXBuildFile; fileRef = 5BC2EABD2831D2570071821E /* HomeViewModel.swift */; };
		5BC2EAC02831E13E0071821E /* SuggestionRepository.swift in Sources */ = {isa = PBXBuildFile; fileRef = 5BC2EABF2831E13E0071821E /* SuggestionRepository.swift */; };
		5BC2EAC22831E1B20071821E /* Suggestion.swift in Sources */ = {isa = PBXBuildFile; fileRef = 5BC2EAC12831E1B20071821E /* Suggestion.swift */; };
		5BC2EAC42831E3020071821E /* SuggestionsBoxViewModel.swift in Sources */ = {isa = PBXBuildFile; fileRef = 5BC2EAC32831E3020071821E /* SuggestionsBoxViewModel.swift */; };
		5BC2EAC62831E7B00071821E /* Equipment.swift in Sources */ = {isa = PBXBuildFile; fileRef = 5BC2EAC52831E7B00071821E /* Equipment.swift */; };
		5BC2EAC82831E8A50071821E /* EquipmentRepository.swift in Sources */ = {isa = PBXBuildFile; fileRef = 5BC2EAC72831E8A50071821E /* EquipmentRepository.swift */; };
		5BC2EACA2831E92E0071821E /* EquipmentListView.swift in Sources */ = {isa = PBXBuildFile; fileRef = 5BC2EAC92831E92E0071821E /* EquipmentListView.swift */; };
		5BC2EACC2831E9B60071821E /* EquipmentListViewModel.swift in Sources */ = {isa = PBXBuildFile; fileRef = 5BC2EACB2831E9B60071821E /* EquipmentListViewModel.swift */; };
		5BC2EACE2831EA900071821E /* EquipmentCard.swift in Sources */ = {isa = PBXBuildFile; fileRef = 5BC2EACD2831EA900071821E /* EquipmentCard.swift */; };
		5BC2EAD22832DF460071821E /* AnnouncementListenerService.swift in Sources */ = {isa = PBXBuildFile; fileRef = 5BC2EAD12832DF460071821E /* AnnouncementListenerService.swift */; };
		5BC2EAD42832E8F50071821E /* AnnouncementUpdatingService.swift in Sources */ = {isa = PBXBuildFile; fileRef = 5BC2EAD32832E8F50071821E /* AnnouncementUpdatingService.swift */; };
		5BC2EAD82832ECF30071821E /* AnnouncementListView.swift in Sources */ = {isa = PBXBuildFile; fileRef = 5BC2EAD72832ECF30071821E /* AnnouncementListView.swift */; };
		5BC2EADA2832ECFE0071821E /* AnnouncementFormView.swift in Sources */ = {isa = PBXBuildFile; fileRef = 5BC2EAD92832ECFE0071821E /* AnnouncementFormView.swift */; };
		5BC2EADD2832ED270071821E /* AnnouncementListViewModel.swift in Sources */ = {isa = PBXBuildFile; fileRef = 5BC2EADC2832ED270071821E /* AnnouncementListViewModel.swift */; };
		5BC2EADF2832ED3D0071821E /* AnnouncementFormViewModel.swift in Sources */ = {isa = PBXBuildFile; fileRef = 5BC2EADE2832ED3D0071821E /* AnnouncementFormViewModel.swift */; };
		5BC2EAE12832ED9D0071821E /* AnnouncementSenderService.swift in Sources */ = {isa = PBXBuildFile; fileRef = 5BC2EAE02832ED9D0071821E /* AnnouncementSenderService.swift */; };
		5BC2EB022832FD8B0071821E /* HelpSenderService.swift in Sources */ = {isa = PBXBuildFile; fileRef = 5BC2EB012832FD8B0071821E /* HelpSenderService.swift */; };
		5BC2EB042832FD9C0071821E /* HelpUpdatingService.swift in Sources */ = {isa = PBXBuildFile; fileRef = 5BC2EB032832FD9C0071821E /* HelpUpdatingService.swift */; };
		5BC2EB072832FDDB0071821E /* HelpListenerService.swift in Sources */ = {isa = PBXBuildFile; fileRef = 5BC2EB062832FDDB0071821E /* HelpListenerService.swift */; };
		5BD206D7282F43CE005E1090 /* CodableFirebase in Frameworks */ = {isa = PBXBuildFile; productRef = 5BD206D6282F43CE005E1090 /* CodableFirebase */; };
		5BD206E3282F45D3005E1090 /* GoogleSignIn in Frameworks */ = {isa = PBXBuildFile; productRef = 5BD206E2282F45D3005E1090 /* GoogleSignIn */; };
		5BD206E5282F49D5005E1090 /* HelpFormViewModel.swift in Sources */ = {isa = PBXBuildFile; fileRef = 5BD206E4282F49D5005E1090 /* HelpFormViewModel.swift */; };
		5BD206EA28319BBC005E1090 /* FirebaseAnalytics in Frameworks */ = {isa = PBXBuildFile; productRef = 5BD206E928319BBC005E1090 /* FirebaseAnalytics */; };
		5BD206EC28319BBC005E1090 /* FirebaseAuth in Frameworks */ = {isa = PBXBuildFile; productRef = 5BD206EB28319BBC005E1090 /* FirebaseAuth */; };
		5BD206EE28319BBC005E1090 /* FirebaseCrashlytics in Frameworks */ = {isa = PBXBuildFile; productRef = 5BD206ED28319BBC005E1090 /* FirebaseCrashlytics */; };
		5BD206F028319BBC005E1090 /* FirebaseDatabase in Frameworks */ = {isa = PBXBuildFile; productRef = 5BD206EF28319BBC005E1090 /* FirebaseDatabase */; };
		5BD206F228319BBC005E1090 /* FirebaseFirestore in Frameworks */ = {isa = PBXBuildFile; productRef = 5BD206F128319BBC005E1090 /* FirebaseFirestore */; };
		5BD206F428319BBC005E1090 /* FirebaseFirestoreSwift-Beta in Frameworks */ = {isa = PBXBuildFile; productRef = 5BD206F328319BBC005E1090 /* FirebaseFirestoreSwift-Beta */; };
		5BD206F628319F65005E1090 /* GoogleService-Info.plist in Resources */ = {isa = PBXBuildFile; fileRef = 5BD206F528319F65005E1090 /* GoogleService-Info.plist */; };
		5BE70E1B282C338E00E36372 /* User.swift in Sources */ = {isa = PBXBuildFile; fileRef = 5BE70E1A282C338E00E36372 /* User.swift */; };
		5BE70E1D282C33B600E36372 /* Help.swift in Sources */ = {isa = PBXBuildFile; fileRef = 5BE70E1C282C33B600E36372 /* Help.swift */; };
		5BE70E20282C3D0A00E36372 /* ContentViewModel.swift in Sources */ = {isa = PBXBuildFile; fileRef = 5BE70E1F282C3D0A00E36372 /* ContentViewModel.swift */; };
		5BE70E23282C3EC000E36372 /* Announcement.swift in Sources */ = {isa = PBXBuildFile; fileRef = 5BE70E22282C3EC000E36372 /* Announcement.swift */; };
		5BE70E26282C3F6B00E36372 /* HelpCard.swift in Sources */ = {isa = PBXBuildFile; fileRef = 5BE70E25282C3F6B00E36372 /* HelpCard.swift */; };
		5BE70E2E282C41C000E36372 /* AcademyiPadApp.swift in Sources */ = {isa = PBXBuildFile; fileRef = 5BE70E2D282C41C000E36372 /* AcademyiPadApp.swift */; };
		5BE70E30282C41C000E36372 /* HelpListView.swift in Sources */ = {isa = PBXBuildFile; fileRef = 5BE70E2F282C41C000E36372 /* HelpListView.swift */; };
		5BE70E32282C41C200E36372 /* Assets.xcassets in Resources */ = {isa = PBXBuildFile; fileRef = 5BE70E31282C41C200E36372 /* Assets.xcassets */; };
		5BE70E35282C41C200E36372 /* Preview Assets.xcassets in Resources */ = {isa = PBXBuildFile; fileRef = 5BE70E34282C41C200E36372 /* Preview Assets.xcassets */; };
		5BE70E3F282C45B200E36372 /* Academy.framework in Frameworks */ = {isa = PBXBuildFile; fileRef = 119255A3282B4E77008410F3 /* Academy.framework */; };
		5BE70E40282C45B200E36372 /* Academy.framework in Embed Frameworks */ = {isa = PBXBuildFile; fileRef = 119255A3282B4E77008410F3 /* Academy.framework */; settings = {ATTRIBUTES = (CodeSignOnCopy, RemoveHeadersOnCopy, ); }; };
		5BE70E44282C45B600E36372 /* AcademyUI.framework in Frameworks */ = {isa = PBXBuildFile; fileRef = 119255E3282B51C9008410F3 /* AcademyUI.framework */; };
		5BE70E45282C45B600E36372 /* AcademyUI.framework in Embed Frameworks */ = {isa = PBXBuildFile; fileRef = 119255E3282B51C9008410F3 /* AcademyUI.framework */; settings = {ATTRIBUTES = (CodeSignOnCopy, RemoveHeadersOnCopy, ); }; };
		5BE70E4B282C49F400E36372 /* Academy.framework in Frameworks */ = {isa = PBXBuildFile; fileRef = 119255A3282B4E77008410F3 /* Academy.framework */; };
		5BE70E4C282C49F400E36372 /* Academy.framework in Embed Frameworks */ = {isa = PBXBuildFile; fileRef = 119255A3282B4E77008410F3 /* Academy.framework */; settings = {ATTRIBUTES = (CodeSignOnCopy, RemoveHeadersOnCopy, ); }; };
		5BE70E51282C4A6F00E36372 /* DateFormatter.swift in Sources */ = {isa = PBXBuildFile; fileRef = 5BE70E50282C4A6F00E36372 /* DateFormatter.swift */; };
		5BE70E53282C4BA700E36372 /* HelpListViewModel.swift in Sources */ = {isa = PBXBuildFile; fileRef = 5BE70E52282C4BA700E36372 /* HelpListViewModel.swift */; };
		5BE70E55282C566B00E36372 /* HelpFormView.swift in Sources */ = {isa = PBXBuildFile; fileRef = 5BE70E54282C566B00E36372 /* HelpFormView.swift */; };
		5BE70E59282C596200E36372 /* HelpTypeFilterButton.swift in Sources */ = {isa = PBXBuildFile; fileRef = 5BE70E58282C596200E36372 /* HelpTypeFilterButton.swift */; };
		5BE70E5C282C5FEC00E36372 /* HelpListViewModel.swift in Sources */ = {isa = PBXBuildFile; fileRef = 5BE70E5B282C5FEC00E36372 /* HelpListViewModel.swift */; };
		5BE70E5E282C643C00E36372 /* AuthenticationService.swift in Sources */ = {isa = PBXBuildFile; fileRef = 5BE70E5D282C643C00E36372 /* AuthenticationService.swift */; };
		5BE70E60282C669C00E36372 /* AnnouncementCard.swift in Sources */ = {isa = PBXBuildFile; fileRef = 5BE70E5F282C669B00E36372 /* AnnouncementCard.swift */; };
		5BE70E64282D88A000E36372 /* Colors.swift in Sources */ = {isa = PBXBuildFile; fileRef = 5BE70E63282D88A000E36372 /* Colors.swift */; };
		5BE70E66282D8A1800E36372 /* HomeView.swift in Sources */ = {isa = PBXBuildFile; fileRef = 5BE70E65282D8A1800E36372 /* HomeView.swift */; };
		5BE70E68282DBEDB00E36372 /* ScheduleView.swift in Sources */ = {isa = PBXBuildFile; fileRef = 5BE70E67282DBEDB00E36372 /* ScheduleView.swift */; };
		5BE70E6A282DBEF500E36372 /* AcademyPeopleView.swift in Sources */ = {isa = PBXBuildFile; fileRef = 5BE70E69282DBEF500E36372 /* AcademyPeopleView.swift */; };
		5BE70E6D282DBF1A00E36372 /* SuggestionsBoxView.swift in Sources */ = {isa = PBXBuildFile; fileRef = 5BE70E6C282DBF1A00E36372 /* SuggestionsBoxView.swift */; };
/* End PBXBuildFile section */

/* Begin PBXContainerItemProxy section */
		119255C4282B4EB3008410F3 /* PBXContainerItemProxy */ = {
			isa = PBXContainerItemProxy;
			containerPortal = 1192559A282B4E77008410F3 /* Project object */;
			proxyType = 1;
			remoteGlobalIDString = 119255A2282B4E77008410F3;
			remoteInfo = Academy;
		};
		119255DB282B4F06008410F3 /* PBXContainerItemProxy */ = {
			isa = PBXContainerItemProxy;
			containerPortal = 1192559A282B4E77008410F3 /* Project object */;
			proxyType = 1;
			remoteGlobalIDString = 119255A2282B4E77008410F3;
			remoteInfo = Academy;
		};
		119255E7282B51C9008410F3 /* PBXContainerItemProxy */ = {
			isa = PBXContainerItemProxy;
			containerPortal = 1192559A282B4E77008410F3 /* Project object */;
			proxyType = 1;
			remoteGlobalIDString = 119255E2282B51C9008410F3;
			remoteInfo = AcademyUI;
		};
		119255F0282B51E5008410F3 /* PBXContainerItemProxy */ = {
			isa = PBXContainerItemProxy;
			containerPortal = 1192559A282B4E77008410F3 /* Project object */;
			proxyType = 1;
			remoteGlobalIDString = 119255E2282B51C9008410F3;
			remoteInfo = AcademyUI;
		};
		5BE70E41282C45B200E36372 /* PBXContainerItemProxy */ = {
			isa = PBXContainerItemProxy;
			containerPortal = 1192559A282B4E77008410F3 /* Project object */;
			proxyType = 1;
			remoteGlobalIDString = 119255A2282B4E77008410F3;
			remoteInfo = Academy;
		};
		5BE70E46282C45B600E36372 /* PBXContainerItemProxy */ = {
			isa = PBXContainerItemProxy;
			containerPortal = 1192559A282B4E77008410F3 /* Project object */;
			proxyType = 1;
			remoteGlobalIDString = 119255E2282B51C9008410F3;
			remoteInfo = AcademyUI;
		};
		5BE70E4D282C49F400E36372 /* PBXContainerItemProxy */ = {
			isa = PBXContainerItemProxy;
			containerPortal = 1192559A282B4E77008410F3 /* Project object */;
			proxyType = 1;
			remoteGlobalIDString = 119255A2282B4E77008410F3;
			remoteInfo = Academy;
		};
/* End PBXContainerItemProxy section */

/* Begin PBXCopyFilesBuildPhase section */
		119255C6282B4EB3008410F3 /* Embed Frameworks */ = {
			isa = PBXCopyFilesBuildPhase;
			buildActionMask = 2147483647;
			dstPath = "";
			dstSubfolderSpec = 10;
			files = (
				119255C3282B4EB3008410F3 /* Academy.framework in Embed Frameworks */,
				119255EA282B51C9008410F3 /* AcademyUI.framework in Embed Frameworks */,
			);
			name = "Embed Frameworks";
			runOnlyForDeploymentPostprocessing = 0;
		};
		119255DD282B4F06008410F3 /* Embed Frameworks */ = {
			isa = PBXCopyFilesBuildPhase;
			buildActionMask = 2147483647;
			dstPath = "";
			dstSubfolderSpec = 10;
			files = (
				119255DA282B4F06008410F3 /* Academy.framework in Embed Frameworks */,
				119255EF282B51E5008410F3 /* AcademyUI.framework in Embed Frameworks */,
			);
			name = "Embed Frameworks";
			runOnlyForDeploymentPostprocessing = 0;
		};
		5BE70E43282C45B200E36372 /* Embed Frameworks */ = {
			isa = PBXCopyFilesBuildPhase;
			buildActionMask = 2147483647;
			dstPath = "";
			dstSubfolderSpec = 10;
			files = (
				5BE70E40282C45B200E36372 /* Academy.framework in Embed Frameworks */,
				5BE70E45282C45B600E36372 /* AcademyUI.framework in Embed Frameworks */,
			);
			name = "Embed Frameworks";
			runOnlyForDeploymentPostprocessing = 0;
		};
		5BE70E4F282C49F400E36372 /* Embed Frameworks */ = {
			isa = PBXCopyFilesBuildPhase;
			buildActionMask = 2147483647;
			dstPath = "";
			dstSubfolderSpec = 10;
			files = (
				5BE70E4C282C49F400E36372 /* Academy.framework in Embed Frameworks */,
			);
			name = "Embed Frameworks";
			runOnlyForDeploymentPostprocessing = 0;
		};
/* End PBXCopyFilesBuildPhase section */

/* Begin PBXFileReference section */
		119255A3282B4E77008410F3 /* Academy.framework */ = {isa = PBXFileReference; explicitFileType = wrapper.framework; includeInIndex = 0; path = Academy.framework; sourceTree = BUILT_PRODUCTS_DIR; };
		119255A6282B4E77008410F3 /* Academy.h */ = {isa = PBXFileReference; lastKnownFileType = sourcecode.c.h; path = Academy.h; sourceTree = "<group>"; };
		119255B3282B4EA9008410F3 /* AcademyiOS.app */ = {isa = PBXFileReference; explicitFileType = wrapper.application; includeInIndex = 0; path = AcademyiOS.app; sourceTree = BUILT_PRODUCTS_DIR; };
		119255B5282B4EA9008410F3 /* AcademyiOSApp.swift */ = {isa = PBXFileReference; lastKnownFileType = sourcecode.swift; path = AcademyiOSApp.swift; sourceTree = "<group>"; };
		119255B7282B4EA9008410F3 /* HelpListView.swift */ = {isa = PBXFileReference; lastKnownFileType = sourcecode.swift; path = HelpListView.swift; sourceTree = "<group>"; };
		119255B9282B4EAA008410F3 /* Assets.xcassets */ = {isa = PBXFileReference; lastKnownFileType = folder.assetcatalog; path = Assets.xcassets; sourceTree = "<group>"; };
		119255BC282B4EAA008410F3 /* Preview Assets.xcassets */ = {isa = PBXFileReference; lastKnownFileType = folder.assetcatalog; path = "Preview Assets.xcassets"; sourceTree = "<group>"; };
		119255CB282B4F00008410F3 /* AcademyTV.app */ = {isa = PBXFileReference; explicitFileType = wrapper.application; includeInIndex = 0; path = AcademyTV.app; sourceTree = BUILT_PRODUCTS_DIR; };
		119255CD282B4F00008410F3 /* AcademyTVApp.swift */ = {isa = PBXFileReference; lastKnownFileType = sourcecode.swift; path = AcademyTVApp.swift; sourceTree = "<group>"; };
		119255CF282B4F00008410F3 /* ContentView.swift */ = {isa = PBXFileReference; lastKnownFileType = sourcecode.swift; path = ContentView.swift; sourceTree = "<group>"; };
		119255D1282B4F01008410F3 /* Assets.xcassets */ = {isa = PBXFileReference; lastKnownFileType = folder.assetcatalog; path = Assets.xcassets; sourceTree = "<group>"; };
		119255D4282B4F01008410F3 /* Preview Assets.xcassets */ = {isa = PBXFileReference; lastKnownFileType = folder.assetcatalog; path = "Preview Assets.xcassets"; sourceTree = "<group>"; };
		119255E3282B51C9008410F3 /* AcademyUI.framework */ = {isa = PBXFileReference; explicitFileType = wrapper.framework; includeInIndex = 0; path = AcademyUI.framework; sourceTree = BUILT_PRODUCTS_DIR; };
		119255E5282B51C9008410F3 /* AcademyUI.h */ = {isa = PBXFileReference; lastKnownFileType = sourcecode.c.h; path = AcademyUI.h; sourceTree = "<group>"; };
		5BC2EAB82831B8000071821E /* HelpRepository.swift */ = {isa = PBXFileReference; lastKnownFileType = sourcecode.swift; path = HelpRepository.swift; sourceTree = "<group>"; };
		5BC2EABB2831CF0B0071821E /* AnnouncementRepository.swift */ = {isa = PBXFileReference; lastKnownFileType = sourcecode.swift; path = AnnouncementRepository.swift; sourceTree = "<group>"; };
		5BC2EABD2831D2570071821E /* HomeViewModel.swift */ = {isa = PBXFileReference; lastKnownFileType = sourcecode.swift; path = HomeViewModel.swift; sourceTree = "<group>"; };
		5BC2EABF2831E13E0071821E /* SuggestionRepository.swift */ = {isa = PBXFileReference; lastKnownFileType = sourcecode.swift; path = SuggestionRepository.swift; sourceTree = "<group>"; };
		5BC2EAC12831E1B20071821E /* Suggestion.swift */ = {isa = PBXFileReference; lastKnownFileType = sourcecode.swift; path = Suggestion.swift; sourceTree = "<group>"; };
		5BC2EAC32831E3020071821E /* SuggestionsBoxViewModel.swift */ = {isa = PBXFileReference; lastKnownFileType = sourcecode.swift; path = SuggestionsBoxViewModel.swift; sourceTree = "<group>"; };
		5BC2EAC52831E7B00071821E /* Equipment.swift */ = {isa = PBXFileReference; lastKnownFileType = sourcecode.swift; path = Equipment.swift; sourceTree = "<group>"; };
		5BC2EAC72831E8A50071821E /* EquipmentRepository.swift */ = {isa = PBXFileReference; lastKnownFileType = sourcecode.swift; path = EquipmentRepository.swift; sourceTree = "<group>"; };
		5BC2EAC92831E92E0071821E /* EquipmentListView.swift */ = {isa = PBXFileReference; lastKnownFileType = sourcecode.swift; path = EquipmentListView.swift; sourceTree = "<group>"; };
		5BC2EACB2831E9B60071821E /* EquipmentListViewModel.swift */ = {isa = PBXFileReference; lastKnownFileType = sourcecode.swift; path = EquipmentListViewModel.swift; sourceTree = "<group>"; };
		5BC2EACD2831EA900071821E /* EquipmentCard.swift */ = {isa = PBXFileReference; lastKnownFileType = sourcecode.swift; path = EquipmentCard.swift; sourceTree = "<group>"; };
		5BC2EAD12832DF460071821E /* AnnouncementListenerService.swift */ = {isa = PBXFileReference; lastKnownFileType = sourcecode.swift; path = AnnouncementListenerService.swift; sourceTree = "<group>"; };
		5BC2EAD32832E8F50071821E /* AnnouncementUpdatingService.swift */ = {isa = PBXFileReference; lastKnownFileType = sourcecode.swift; path = AnnouncementUpdatingService.swift; sourceTree = "<group>"; };
		5BC2EAD72832ECF30071821E /* AnnouncementListView.swift */ = {isa = PBXFileReference; lastKnownFileType = sourcecode.swift; path = AnnouncementListView.swift; sourceTree = "<group>"; };
		5BC2EAD92832ECFE0071821E /* AnnouncementFormView.swift */ = {isa = PBXFileReference; lastKnownFileType = sourcecode.swift; path = AnnouncementFormView.swift; sourceTree = "<group>"; };
		5BC2EADC2832ED270071821E /* AnnouncementListViewModel.swift */ = {isa = PBXFileReference; lastKnownFileType = sourcecode.swift; path = AnnouncementListViewModel.swift; sourceTree = "<group>"; };
		5BC2EADE2832ED3D0071821E /* AnnouncementFormViewModel.swift */ = {isa = PBXFileReference; lastKnownFileType = sourcecode.swift; path = AnnouncementFormViewModel.swift; sourceTree = "<group>"; };
		5BC2EAE02832ED9D0071821E /* AnnouncementSenderService.swift */ = {isa = PBXFileReference; lastKnownFileType = sourcecode.swift; path = AnnouncementSenderService.swift; sourceTree = "<group>"; };
		5BC2EB012832FD8B0071821E /* HelpSenderService.swift */ = {isa = PBXFileReference; lastKnownFileType = sourcecode.swift; path = HelpSenderService.swift; sourceTree = "<group>"; };
		5BC2EB032832FD9C0071821E /* HelpUpdatingService.swift */ = {isa = PBXFileReference; lastKnownFileType = sourcecode.swift; path = HelpUpdatingService.swift; sourceTree = "<group>"; };
		5BC2EB062832FDDB0071821E /* HelpListenerService.swift */ = {isa = PBXFileReference; lastKnownFileType = sourcecode.swift; path = HelpListenerService.swift; sourceTree = "<group>"; };
		5BD206E4282F49D5005E1090 /* HelpFormViewModel.swift */ = {isa = PBXFileReference; lastKnownFileType = sourcecode.swift; path = HelpFormViewModel.swift; sourceTree = "<group>"; };
		5BD206F528319F65005E1090 /* GoogleService-Info.plist */ = {isa = PBXFileReference; fileEncoding = 4; lastKnownFileType = text.plist.xml; path = "GoogleService-Info.plist"; sourceTree = "<group>"; };
		5BE70E1A282C338E00E36372 /* User.swift */ = {isa = PBXFileReference; lastKnownFileType = sourcecode.swift; path = User.swift; sourceTree = "<group>"; };
		5BE70E1C282C33B600E36372 /* Help.swift */ = {isa = PBXFileReference; lastKnownFileType = sourcecode.swift; path = Help.swift; sourceTree = "<group>"; };
		5BE70E1F282C3D0A00E36372 /* ContentViewModel.swift */ = {isa = PBXFileReference; lastKnownFileType = sourcecode.swift; path = ContentViewModel.swift; sourceTree = "<group>"; };
		5BE70E22282C3EC000E36372 /* Announcement.swift */ = {isa = PBXFileReference; lastKnownFileType = sourcecode.swift; path = Announcement.swift; sourceTree = "<group>"; };
		5BE70E25282C3F6B00E36372 /* HelpCard.swift */ = {isa = PBXFileReference; lastKnownFileType = sourcecode.swift; path = HelpCard.swift; sourceTree = "<group>"; };
		5BE70E2B282C41C000E36372 /* AcademyiPad.app */ = {isa = PBXFileReference; explicitFileType = wrapper.application; includeInIndex = 0; path = AcademyiPad.app; sourceTree = BUILT_PRODUCTS_DIR; };
		5BE70E2D282C41C000E36372 /* AcademyiPadApp.swift */ = {isa = PBXFileReference; lastKnownFileType = sourcecode.swift; path = AcademyiPadApp.swift; sourceTree = "<group>"; };
		5BE70E2F282C41C000E36372 /* HelpListView.swift */ = {isa = PBXFileReference; lastKnownFileType = sourcecode.swift; path = HelpListView.swift; sourceTree = "<group>"; };
		5BE70E31282C41C200E36372 /* Assets.xcassets */ = {isa = PBXFileReference; lastKnownFileType = folder.assetcatalog; path = Assets.xcassets; sourceTree = "<group>"; };
		5BE70E34282C41C200E36372 /* Preview Assets.xcassets */ = {isa = PBXFileReference; lastKnownFileType = folder.assetcatalog; path = "Preview Assets.xcassets"; sourceTree = "<group>"; };
		5BE70E50282C4A6F00E36372 /* DateFormatter.swift */ = {isa = PBXFileReference; lastKnownFileType = sourcecode.swift; path = DateFormatter.swift; sourceTree = "<group>"; };
		5BE70E52282C4BA700E36372 /* HelpListViewModel.swift */ = {isa = PBXFileReference; lastKnownFileType = sourcecode.swift; path = HelpListViewModel.swift; sourceTree = "<group>"; };
		5BE70E54282C566B00E36372 /* HelpFormView.swift */ = {isa = PBXFileReference; lastKnownFileType = sourcecode.swift; path = HelpFormView.swift; sourceTree = "<group>"; };
		5BE70E58282C596200E36372 /* HelpTypeFilterButton.swift */ = {isa = PBXFileReference; lastKnownFileType = sourcecode.swift; path = HelpTypeFilterButton.swift; sourceTree = "<group>"; };
		5BE70E5B282C5FEC00E36372 /* HelpListViewModel.swift */ = {isa = PBXFileReference; lastKnownFileType = sourcecode.swift; path = HelpListViewModel.swift; sourceTree = "<group>"; };
		5BE70E5D282C643C00E36372 /* AuthenticationService.swift */ = {isa = PBXFileReference; lastKnownFileType = sourcecode.swift; path = AuthenticationService.swift; sourceTree = "<group>"; };
		5BE70E5F282C669B00E36372 /* AnnouncementCard.swift */ = {isa = PBXFileReference; lastKnownFileType = sourcecode.swift; path = AnnouncementCard.swift; sourceTree = "<group>"; };
		5BE70E63282D88A000E36372 /* Colors.swift */ = {isa = PBXFileReference; lastKnownFileType = sourcecode.swift; path = Colors.swift; sourceTree = "<group>"; };
		5BE70E65282D8A1800E36372 /* HomeView.swift */ = {isa = PBXFileReference; lastKnownFileType = sourcecode.swift; path = HomeView.swift; sourceTree = "<group>"; };
		5BE70E67282DBEDB00E36372 /* ScheduleView.swift */ = {isa = PBXFileReference; lastKnownFileType = sourcecode.swift; path = ScheduleView.swift; sourceTree = "<group>"; };
		5BE70E69282DBEF500E36372 /* AcademyPeopleView.swift */ = {isa = PBXFileReference; lastKnownFileType = sourcecode.swift; path = AcademyPeopleView.swift; sourceTree = "<group>"; };
		5BE70E6C282DBF1A00E36372 /* SuggestionsBoxView.swift */ = {isa = PBXFileReference; lastKnownFileType = sourcecode.swift; path = SuggestionsBoxView.swift; sourceTree = "<group>"; };
/* End PBXFileReference section */

/* Begin PBXFrameworksBuildPhase section */
		119255A0282B4E77008410F3 /* Frameworks */ = {
			isa = PBXFrameworksBuildPhase;
			buildActionMask = 2147483647;
			files = (
				5BD206F028319BBC005E1090 /* FirebaseDatabase in Frameworks */,
				5BD206D7282F43CE005E1090 /* CodableFirebase in Frameworks */,
				5BD206E3282F45D3005E1090 /* GoogleSignIn in Frameworks */,
				5BD206EE28319BBC005E1090 /* FirebaseCrashlytics in Frameworks */,
				5BD206EA28319BBC005E1090 /* FirebaseAnalytics in Frameworks */,
				5BD206F428319BBC005E1090 /* FirebaseFirestoreSwift-Beta in Frameworks */,
				5BD206EC28319BBC005E1090 /* FirebaseAuth in Frameworks */,
				5BD206F228319BBC005E1090 /* FirebaseFirestore in Frameworks */,
			);
			runOnlyForDeploymentPostprocessing = 0;
		};
		119255B0282B4EA9008410F3 /* Frameworks */ = {
			isa = PBXFrameworksBuildPhase;
			buildActionMask = 2147483647;
			files = (
				119255C2282B4EB3008410F3 /* Academy.framework in Frameworks */,
				119255E9282B51C9008410F3 /* AcademyUI.framework in Frameworks */,
			);
			runOnlyForDeploymentPostprocessing = 0;
		};
		119255C8282B4F00008410F3 /* Frameworks */ = {
			isa = PBXFrameworksBuildPhase;
			buildActionMask = 2147483647;
			files = (
				119255D9282B4F06008410F3 /* Academy.framework in Frameworks */,
				119255EE282B51E5008410F3 /* AcademyUI.framework in Frameworks */,
			);
			runOnlyForDeploymentPostprocessing = 0;
		};
		119255E0282B51C9008410F3 /* Frameworks */ = {
			isa = PBXFrameworksBuildPhase;
			buildActionMask = 2147483647;
			files = (
				5BE70E4B282C49F400E36372 /* Academy.framework in Frameworks */,
			);
			runOnlyForDeploymentPostprocessing = 0;
		};
		5BE70E28282C41C000E36372 /* Frameworks */ = {
			isa = PBXFrameworksBuildPhase;
			buildActionMask = 2147483647;
			files = (
				5BE70E3F282C45B200E36372 /* Academy.framework in Frameworks */,
				5BE70E44282C45B600E36372 /* AcademyUI.framework in Frameworks */,
			);
			runOnlyForDeploymentPostprocessing = 0;
		};
/* End PBXFrameworksBuildPhase section */

/* Begin PBXGroup section */
		11925599282B4E77008410F3 = {
			isa = PBXGroup;
			children = (
				119255A5282B4E77008410F3 /* Academy */,
				119255E4282B51C9008410F3 /* AcademyUI */,
				119255B4282B4EA9008410F3 /* AcademyiOS */,
				119255CC282B4F00008410F3 /* AcademyTV */,
				5BE70E2C282C41C000E36372 /* AcademyiPad */,
				119255A4282B4E77008410F3 /* Products */,
				119255C1282B4EB3008410F3 /* Frameworks */,
			);
			sourceTree = "<group>";
		};
		119255A4282B4E77008410F3 /* Products */ = {
			isa = PBXGroup;
			children = (
				119255A3282B4E77008410F3 /* Academy.framework */,
				119255B3282B4EA9008410F3 /* AcademyiOS.app */,
				119255CB282B4F00008410F3 /* AcademyTV.app */,
				119255E3282B51C9008410F3 /* AcademyUI.framework */,
				5BE70E2B282C41C000E36372 /* AcademyiPad.app */,
			);
			name = Products;
			sourceTree = "<group>";
		};
		119255A5282B4E77008410F3 /* Academy */ = {
			isa = PBXGroup;
			children = (
				5BC2EAD02832DEB00071821E /* Domain */,
				5BC2EACF2832DEA20071821E /* Network */,
				5BC2EABA2831CB800071821E /* Utils */,
				119255A6282B4E77008410F3 /* Academy.h */,
			);
			path = Academy;
			sourceTree = "<group>";
		};
		119255B4282B4EA9008410F3 /* AcademyiOS */ = {
			isa = PBXGroup;
			children = (
				5BD206F528319F65005E1090 /* GoogleService-Info.plist */,
				5BC2EAD52832ECD70071821E /* Scenes */,
				119255B5282B4EA9008410F3 /* AcademyiOSApp.swift */,
				119255B9282B4EAA008410F3 /* Assets.xcassets */,
				119255BB282B4EAA008410F3 /* Preview Content */,
			);
			path = AcademyiOS;
			sourceTree = "<group>";
		};
		119255BB282B4EAA008410F3 /* Preview Content */ = {
			isa = PBXGroup;
			children = (
				119255BC282B4EAA008410F3 /* Preview Assets.xcassets */,
			);
			path = "Preview Content";
			sourceTree = "<group>";
		};
		119255C1282B4EB3008410F3 /* Frameworks */ = {
			isa = PBXGroup;
			children = (
			);
			name = Frameworks;
			sourceTree = "<group>";
		};
		119255CC282B4F00008410F3 /* AcademyTV */ = {
			isa = PBXGroup;
			children = (
				5BE70E21282C3D2500E36372 /* Views */,
				5BE70E1E282C3CFC00E36372 /* View Models */,
				119255CD282B4F00008410F3 /* AcademyTVApp.swift */,
				119255D1282B4F01008410F3 /* Assets.xcassets */,
				119255D3282B4F01008410F3 /* Preview Content */,
			);
			path = AcademyTV;
			sourceTree = "<group>";
		};
		119255D3282B4F01008410F3 /* Preview Content */ = {
			isa = PBXGroup;
			children = (
				119255D4282B4F01008410F3 /* Preview Assets.xcassets */,
			);
			path = "Preview Content";
			sourceTree = "<group>";
		};
		119255E4282B51C9008410F3 /* AcademyUI */ = {
			isa = PBXGroup;
			children = (
				5BE70E24282C3F5A00E36372 /* Components */,
				119255E5282B51C9008410F3 /* AcademyUI.h */,
				5BE70E63282D88A000E36372 /* Colors.swift */,
			);
			path = AcademyUI;
			sourceTree = "<group>";
		};
		5BC2EABA2831CB800071821E /* Utils */ = {
			isa = PBXGroup;
			children = (
				5BE70E50282C4A6F00E36372 /* DateFormatter.swift */,
			);
			path = Utils;
			sourceTree = "<group>";
		};
		5BC2EACF2832DEA20071821E /* Network */ = {
			isa = PBXGroup;
			children = (
				5BE70E4A282C470000E36372 /* Repositories */,
			);
			path = Network;
			sourceTree = "<group>";
		};
		5BC2EAD02832DEB00071821E /* Domain */ = {
			isa = PBXGroup;
			children = (
				5BE70E49282C46F500E36372 /* Services */,
				5BE70E19282C332300E36372 /* Models */,
			);
			path = Domain;
			sourceTree = "<group>";
		};
		5BC2EAD52832ECD70071821E /* Scenes */ = {
			isa = PBXGroup;
			children = (
				5BC2EAFC2832F7370071821E /* Schedule */,
				5BC2EAEF2832F6920071821E /* EquipmentList */,
				5BC2EAEE2832F6860071821E /* SuggestionBox */,
				5BC2EAED2832F67D0071821E /* AcademyPeople */,
				5BC2EAEB2832F6620071821E /* Profile */,
				5BC2EAEA2832F6510071821E /* HelpForm */,
				5BC2EAE92832F6430071821E /* Home */,
				5BC2EAE22832F5EC0071821E /* HelpList */,
				5BC2EADB2832ED180071821E /* AnnouncementForm */,
				5BC2EAD62832ECDD0071821E /* AnnouncementList */,
			);
			path = Scenes;
			sourceTree = "<group>";
		};
		5BC2EAD62832ECDD0071821E /* AnnouncementList */ = {
			isa = PBXGroup;
			children = (
				5BC2EAE82832F6290071821E /* View Models */,
				5BC2EAE72832F6240071821E /* Views */,
			);
			path = AnnouncementList;
			sourceTree = "<group>";
		};
		5BC2EADB2832ED180071821E /* AnnouncementForm */ = {
			isa = PBXGroup;
			children = (
				5BC2EAE62832F6100071821E /* View Models */,
				5BC2EAE52832F60B0071821E /* View */,
			);
			path = AnnouncementForm;
			sourceTree = "<group>";
		};
		5BC2EAE22832F5EC0071821E /* HelpList */ = {
			isa = PBXGroup;
			children = (
				5BC2EAE42832F5FE0071821E /* View Models */,
				5BC2EAE32832F5F70071821E /* Views */,
			);
			path = HelpList;
			sourceTree = "<group>";
		};
		5BC2EAE32832F5F70071821E /* Views */ = {
			isa = PBXGroup;
			children = (
				119255B7282B4EA9008410F3 /* HelpListView.swift */,
			);
			path = Views;
			sourceTree = "<group>";
		};
		5BC2EAE42832F5FE0071821E /* View Models */ = {
			isa = PBXGroup;
			children = (
				5BE70E52282C4BA700E36372 /* HelpListViewModel.swift */,
			);
			path = "View Models";
			sourceTree = "<group>";
		};
		5BC2EAE52832F60B0071821E /* View */ = {
			isa = PBXGroup;
			children = (
				5BC2EAD92832ECFE0071821E /* AnnouncementFormView.swift */,
			);
			path = View;
			sourceTree = "<group>";
		};
		5BC2EAE62832F6100071821E /* View Models */ = {
			isa = PBXGroup;
			children = (
				5BC2EADE2832ED3D0071821E /* AnnouncementFormViewModel.swift */,
			);
			path = "View Models";
			sourceTree = "<group>";
		};
		5BC2EAE72832F6240071821E /* Views */ = {
			isa = PBXGroup;
			children = (
				5BC2EAD72832ECF30071821E /* AnnouncementListView.swift */,
			);
			path = Views;
			sourceTree = "<group>";
		};
		5BC2EAE82832F6290071821E /* View Models */ = {
			isa = PBXGroup;
			children = (
				5BC2EADC2832ED270071821E /* AnnouncementListViewModel.swift */,
			);
			path = "View Models";
			sourceTree = "<group>";
		};
		5BC2EAE92832F6430071821E /* Home */ = {
			isa = PBXGroup;
			children = (
				5BC2EAF12832F6A20071821E /* View Models */,
				5BC2EAF02832F69B0071821E /* Views */,
			);
			path = Home;
			sourceTree = "<group>";
		};
		5BC2EAEA2832F6510071821E /* HelpForm */ = {
			isa = PBXGroup;
			children = (
				5BC2EAF32832F6AD0071821E /* View Models */,
				5BC2EAF22832F6A80071821E /* Views */,
			);
			path = HelpForm;
			sourceTree = "<group>";
		};
		5BC2EAEB2832F6620071821E /* Profile */ = {
			isa = PBXGroup;
			children = (
				5BC2EAF52832F6B80071821E /* View Models */,
				5BC2EAF42832F6B30071821E /* Views */,
			);
			path = Profile;
			sourceTree = "<group>";
		};
		5BC2EAED2832F67D0071821E /* AcademyPeople */ = {
			isa = PBXGroup;
			children = (
				5BC2EAF72832F6C30071821E /* View Models */,
				5BC2EAF62832F6BF0071821E /* Views */,
			);
			path = AcademyPeople;
			sourceTree = "<group>";
		};
		5BC2EAEE2832F6860071821E /* SuggestionBox */ = {
			isa = PBXGroup;
			children = (
				5BC2EAF92832F6D00071821E /* View Models */,
				5BC2EAF82832F6CC0071821E /* Views */,
			);
			path = SuggestionBox;
			sourceTree = "<group>";
		};
		5BC2EAEF2832F6920071821E /* EquipmentList */ = {
			isa = PBXGroup;
			children = (
				5BC2EAFB2832F6D90071821E /* View Models */,
				5BC2EAFA2832F6D50071821E /* Views */,
			);
			path = EquipmentList;
			sourceTree = "<group>";
		};
		5BC2EAF02832F69B0071821E /* Views */ = {
			isa = PBXGroup;
			children = (
				5BE70E65282D8A1800E36372 /* HomeView.swift */,
			);
			path = Views;
			sourceTree = "<group>";
		};
		5BC2EAF12832F6A20071821E /* View Models */ = {
			isa = PBXGroup;
			children = (
				5BC2EABD2831D2570071821E /* HomeViewModel.swift */,
			);
			path = "View Models";
			sourceTree = "<group>";
		};
		5BC2EAF22832F6A80071821E /* Views */ = {
			isa = PBXGroup;
			children = (
				5BE70E54282C566B00E36372 /* HelpFormView.swift */,
			);
			path = Views;
			sourceTree = "<group>";
		};
		5BC2EAF32832F6AD0071821E /* View Models */ = {
			isa = PBXGroup;
			children = (
				5BD206E4282F49D5005E1090 /* HelpFormViewModel.swift */,
			);
			path = "View Models";
			sourceTree = "<group>";
		};
		5BC2EAF42832F6B30071821E /* Views */ = {
			isa = PBXGroup;
			children = (
			);
			path = Views;
			sourceTree = "<group>";
		};
		5BC2EAF52832F6B80071821E /* View Models */ = {
			isa = PBXGroup;
			children = (
			);
			path = "View Models";
			sourceTree = "<group>";
		};
		5BC2EAF62832F6BF0071821E /* Views */ = {
			isa = PBXGroup;
			children = (
				5BE70E69282DBEF500E36372 /* AcademyPeopleView.swift */,
			);
			path = Views;
			sourceTree = "<group>";
		};
		5BC2EAF72832F6C30071821E /* View Models */ = {
			isa = PBXGroup;
			children = (
			);
			path = "View Models";
			sourceTree = "<group>";
		};
		5BC2EAF82832F6CC0071821E /* Views */ = {
			isa = PBXGroup;
			children = (
				5BE70E6C282DBF1A00E36372 /* SuggestionsBoxView.swift */,
			);
			path = Views;
			sourceTree = "<group>";
		};
		5BC2EAF92832F6D00071821E /* View Models */ = {
			isa = PBXGroup;
			children = (
				5BC2EAC32831E3020071821E /* SuggestionsBoxViewModel.swift */,
			);
			path = "View Models";
			sourceTree = "<group>";
		};
		5BC2EAFA2832F6D50071821E /* Views */ = {
			isa = PBXGroup;
			children = (
				5BC2EAC92831E92E0071821E /* EquipmentListView.swift */,
			);
			path = Views;
			sourceTree = "<group>";
		};
		5BC2EAFB2832F6D90071821E /* View Models */ = {
			isa = PBXGroup;
			children = (
				5BC2EACB2831E9B60071821E /* EquipmentListViewModel.swift */,
			);
			path = "View Models";
			sourceTree = "<group>";
		};
		5BC2EAFC2832F7370071821E /* Schedule */ = {
			isa = PBXGroup;
			children = (
				5BC2EAFE2832F7670071821E /* View Models */,
				5BC2EAFD2832F7630071821E /* Views */,
			);
			path = Schedule;
			sourceTree = "<group>";
		};
		5BC2EAFD2832F7630071821E /* Views */ = {
			isa = PBXGroup;
			children = (
				5BE70E67282DBEDB00E36372 /* ScheduleView.swift */,
			);
			path = Views;
			sourceTree = "<group>";
		};
		5BC2EAFE2832F7670071821E /* View Models */ = {
			isa = PBXGroup;
			children = (
			);
			path = "View Models";
			sourceTree = "<group>";
		};
		5BC2EAFF2832F7F20071821E /* Announcement */ = {
			isa = PBXGroup;
			children = (
				5BC2EAE02832ED9D0071821E /* AnnouncementSenderService.swift */,
				5BC2EAD32832E8F50071821E /* AnnouncementUpdatingService.swift */,
				5BC2EAD12832DF460071821E /* AnnouncementListenerService.swift */,
			);
			path = Announcement;
			sourceTree = "<group>";
		};
		5BC2EB002832FD750071821E /* Help */ = {
			isa = PBXGroup;
			children = (
				5BC2EB012832FD8B0071821E /* HelpSenderService.swift */,
				5BC2EB032832FD9C0071821E /* HelpUpdatingService.swift */,
				5BC2EB062832FDDB0071821E /* HelpListenerService.swift */,
			);
			path = Help;
			sourceTree = "<group>";
		};
		5BE70E19282C332300E36372 /* Models */ = {
			isa = PBXGroup;
			children = (
				5BE70E1A282C338E00E36372 /* User.swift */,
				5BE70E1C282C33B600E36372 /* Help.swift */,
				5BE70E22282C3EC000E36372 /* Announcement.swift */,
				5BC2EAC12831E1B20071821E /* Suggestion.swift */,
				5BC2EAC52831E7B00071821E /* Equipment.swift */,
			);
			path = Models;
			sourceTree = "<group>";
		};
		5BE70E1E282C3CFC00E36372 /* View Models */ = {
			isa = PBXGroup;
			children = (
				5BE70E1F282C3D0A00E36372 /* ContentViewModel.swift */,
			);
			path = "View Models";
			sourceTree = "<group>";
		};
		5BE70E21282C3D2500E36372 /* Views */ = {
			isa = PBXGroup;
			children = (
				119255CF282B4F00008410F3 /* ContentView.swift */,
			);
			path = Views;
			sourceTree = "<group>";
		};
		5BE70E24282C3F5A00E36372 /* Components */ = {
			isa = PBXGroup;
			children = (
				5BE70E25282C3F6B00E36372 /* HelpCard.swift */,
				5BE70E58282C596200E36372 /* HelpTypeFilterButton.swift */,
				5BE70E5F282C669B00E36372 /* AnnouncementCard.swift */,
				5BC2EACD2831EA900071821E /* EquipmentCard.swift */,
			);
			path = Components;
			sourceTree = "<group>";
		};
		5BE70E2C282C41C000E36372 /* AcademyiPad */ = {
			isa = PBXGroup;
			children = (
				5BE70E3C282C424000E36372 /* Views */,
				5BE70E3B282C423900E36372 /* View Models */,
				5BE70E2D282C41C000E36372 /* AcademyiPadApp.swift */,
				5BE70E31282C41C200E36372 /* Assets.xcassets */,
				5BE70E33282C41C200E36372 /* Preview Content */,
			);
			path = AcademyiPad;
			sourceTree = "<group>";
		};
		5BE70E33282C41C200E36372 /* Preview Content */ = {
			isa = PBXGroup;
			children = (
				5BE70E34282C41C200E36372 /* Preview Assets.xcassets */,
			);
			path = "Preview Content";
			sourceTree = "<group>";
		};
		5BE70E3B282C423900E36372 /* View Models */ = {
			isa = PBXGroup;
			children = (
				5BE70E5B282C5FEC00E36372 /* HelpListViewModel.swift */,
			);
			path = "View Models";
			sourceTree = "<group>";
		};
		5BE70E3C282C424000E36372 /* Views */ = {
			isa = PBXGroup;
			children = (
				5BE70E2F282C41C000E36372 /* HelpListView.swift */,
			);
			path = Views;
			sourceTree = "<group>";
		};
		5BE70E49282C46F500E36372 /* Services */ = {
			isa = PBXGroup;
			children = (
				5BC2EB002832FD750071821E /* Help */,
				5BC2EAFF2832F7F20071821E /* Announcement */,
				5BE70E5D282C643C00E36372 /* AuthenticationService.swift */,
			);
			path = Services;
			sourceTree = "<group>";
		};
		5BE70E4A282C470000E36372 /* Repositories */ = {
			isa = PBXGroup;
			children = (
				5BC2EAB82831B8000071821E /* HelpRepository.swift */,
				5BC2EABB2831CF0B0071821E /* AnnouncementRepository.swift */,
				5BC2EABF2831E13E0071821E /* SuggestionRepository.swift */,
				5BC2EAC72831E8A50071821E /* EquipmentRepository.swift */,
			);
			path = Repositories;
			sourceTree = "<group>";
		};
/* End PBXGroup section */

/* Begin PBXHeadersBuildPhase section */
		1192559E282B4E77008410F3 /* Headers */ = {
			isa = PBXHeadersBuildPhase;
			buildActionMask = 2147483647;
			files = (
				119255A7282B4E77008410F3 /* Academy.h in Headers */,
			);
			runOnlyForDeploymentPostprocessing = 0;
		};
		119255DE282B51C9008410F3 /* Headers */ = {
			isa = PBXHeadersBuildPhase;
			buildActionMask = 2147483647;
			files = (
				119255E6282B51C9008410F3 /* AcademyUI.h in Headers */,
			);
			runOnlyForDeploymentPostprocessing = 0;
		};
/* End PBXHeadersBuildPhase section */

/* Begin PBXNativeTarget section */
		119255A2282B4E77008410F3 /* Academy */ = {
			isa = PBXNativeTarget;
			buildConfigurationList = 119255AA282B4E77008410F3 /* Build configuration list for PBXNativeTarget "Academy" */;
			buildPhases = (
				1192559E282B4E77008410F3 /* Headers */,
				1192559F282B4E77008410F3 /* Sources */,
				119255A0282B4E77008410F3 /* Frameworks */,
				119255A1282B4E77008410F3 /* Resources */,
			);
			buildRules = (
			);
			dependencies = (
			);
			name = Academy;
			packageProductDependencies = (
				5BD206D6282F43CE005E1090 /* CodableFirebase */,
				5BD206E2282F45D3005E1090 /* GoogleSignIn */,
				5BD206E928319BBC005E1090 /* FirebaseAnalytics */,
				5BD206EB28319BBC005E1090 /* FirebaseAuth */,
				5BD206ED28319BBC005E1090 /* FirebaseCrashlytics */,
				5BD206EF28319BBC005E1090 /* FirebaseDatabase */,
				5BD206F128319BBC005E1090 /* FirebaseFirestore */,
				5BD206F328319BBC005E1090 /* FirebaseFirestoreSwift-Beta */,
			);
			productName = Academy;
			productReference = 119255A3282B4E77008410F3 /* Academy.framework */;
			productType = "com.apple.product-type.framework";
		};
		119255B2282B4EA9008410F3 /* AcademyiOS */ = {
			isa = PBXNativeTarget;
			buildConfigurationList = 119255BE282B4EAA008410F3 /* Build configuration list for PBXNativeTarget "AcademyiOS" */;
			buildPhases = (
				119255AF282B4EA9008410F3 /* Sources */,
				119255B0282B4EA9008410F3 /* Frameworks */,
				119255B1282B4EA9008410F3 /* Resources */,
				119255C6282B4EB3008410F3 /* Embed Frameworks */,
			);
			buildRules = (
			);
			dependencies = (
				119255C5282B4EB3008410F3 /* PBXTargetDependency */,
				119255E8282B51C9008410F3 /* PBXTargetDependency */,
			);
			name = AcademyiOS;
			productName = AcademyiOS;
			productReference = 119255B3282B4EA9008410F3 /* AcademyiOS.app */;
			productType = "com.apple.product-type.application";
		};
		119255CA282B4F00008410F3 /* AcademyTV */ = {
			isa = PBXNativeTarget;
			buildConfigurationList = 119255D6282B4F01008410F3 /* Build configuration list for PBXNativeTarget "AcademyTV" */;
			buildPhases = (
				119255C7282B4F00008410F3 /* Sources */,
				119255C8282B4F00008410F3 /* Frameworks */,
				119255C9282B4F00008410F3 /* Resources */,
				119255DD282B4F06008410F3 /* Embed Frameworks */,
			);
			buildRules = (
			);
			dependencies = (
				119255DC282B4F06008410F3 /* PBXTargetDependency */,
				119255F1282B51E5008410F3 /* PBXTargetDependency */,
			);
			name = AcademyTV;
			productName = AcademyTV;
			productReference = 119255CB282B4F00008410F3 /* AcademyTV.app */;
			productType = "com.apple.product-type.application";
		};
		119255E2282B51C9008410F3 /* AcademyUI */ = {
			isa = PBXNativeTarget;
			buildConfigurationList = 119255EB282B51C9008410F3 /* Build configuration list for PBXNativeTarget "AcademyUI" */;
			buildPhases = (
				119255DE282B51C9008410F3 /* Headers */,
				119255DF282B51C9008410F3 /* Sources */,
				119255E0282B51C9008410F3 /* Frameworks */,
				119255E1282B51C9008410F3 /* Resources */,
				5BE70E4F282C49F400E36372 /* Embed Frameworks */,
			);
			buildRules = (
			);
			dependencies = (
				5BE70E4E282C49F400E36372 /* PBXTargetDependency */,
			);
			name = AcademyUI;
			productName = AcademyUI;
			productReference = 119255E3282B51C9008410F3 /* AcademyUI.framework */;
			productType = "com.apple.product-type.framework";
		};
		5BE70E2A282C41C000E36372 /* AcademyiPad */ = {
			isa = PBXNativeTarget;
			buildConfigurationList = 5BE70E36282C41C200E36372 /* Build configuration list for PBXNativeTarget "AcademyiPad" */;
			buildPhases = (
				5BE70E27282C41C000E36372 /* Sources */,
				5BE70E28282C41C000E36372 /* Frameworks */,
				5BE70E29282C41C000E36372 /* Resources */,
				5BE70E43282C45B200E36372 /* Embed Frameworks */,
			);
			buildRules = (
			);
			dependencies = (
				5BE70E42282C45B200E36372 /* PBXTargetDependency */,
				5BE70E47282C45B600E36372 /* PBXTargetDependency */,
			);
			name = AcademyiPad;
			productName = AcademyiPad;
			productReference = 5BE70E2B282C41C000E36372 /* AcademyiPad.app */;
			productType = "com.apple.product-type.application";
		};
/* End PBXNativeTarget section */

/* Begin PBXProject section */
		1192559A282B4E77008410F3 /* Project object */ = {
			isa = PBXProject;
			attributes = {
				BuildIndependentTargetsInParallel = 1;
				LastSwiftUpdateCheck = 1330;
				LastUpgradeCheck = 1330;
				TargetAttributes = {
					119255A2282B4E77008410F3 = {
						CreatedOnToolsVersion = 13.3.1;
						LastSwiftMigration = 1330;
					};
					119255B2282B4EA9008410F3 = {
						CreatedOnToolsVersion = 13.3.1;
					};
					119255CA282B4F00008410F3 = {
						CreatedOnToolsVersion = 13.3.1;
					};
					119255E2282B51C9008410F3 = {
						CreatedOnToolsVersion = 13.3.1;
						LastSwiftMigration = 1330;
					};
					5BE70E2A282C41C000E36372 = {
						CreatedOnToolsVersion = 13.3.1;
					};
				};
			};
			buildConfigurationList = 1192559D282B4E77008410F3 /* Build configuration list for PBXProject "Academy" */;
			compatibilityVersion = "Xcode 13.0";
			developmentRegion = en;
			hasScannedForEncodings = 0;
			knownRegions = (
				en,
				Base,
			);
			mainGroup = 11925599282B4E77008410F3;
			packageReferences = (
				5BD206D5282F43CE005E1090 /* XCRemoteSwiftPackageReference "CodableFirebase" */,
				5BD206E1282F45D3005E1090 /* XCRemoteSwiftPackageReference "GoogleSignIn-iOS" */,
				5BD206E828319BBC005E1090 /* XCRemoteSwiftPackageReference "firebase-ios-sdk" */,
			);
			productRefGroup = 119255A4282B4E77008410F3 /* Products */;
			projectDirPath = "";
			projectRoot = "";
			targets = (
				119255A2282B4E77008410F3 /* Academy */,
				119255B2282B4EA9008410F3 /* AcademyiOS */,
				119255CA282B4F00008410F3 /* AcademyTV */,
				119255E2282B51C9008410F3 /* AcademyUI */,
				5BE70E2A282C41C000E36372 /* AcademyiPad */,
			);
		};
/* End PBXProject section */

/* Begin PBXResourcesBuildPhase section */
		119255A1282B4E77008410F3 /* Resources */ = {
			isa = PBXResourcesBuildPhase;
			buildActionMask = 2147483647;
			files = (
			);
			runOnlyForDeploymentPostprocessing = 0;
		};
		119255B1282B4EA9008410F3 /* Resources */ = {
			isa = PBXResourcesBuildPhase;
			buildActionMask = 2147483647;
			files = (
				119255BD282B4EAA008410F3 /* Preview Assets.xcassets in Resources */,
				5BD206F628319F65005E1090 /* GoogleService-Info.plist in Resources */,
				119255BA282B4EAA008410F3 /* Assets.xcassets in Resources */,
			);
			runOnlyForDeploymentPostprocessing = 0;
		};
		119255C9282B4F00008410F3 /* Resources */ = {
			isa = PBXResourcesBuildPhase;
			buildActionMask = 2147483647;
			files = (
				119255D5282B4F01008410F3 /* Preview Assets.xcassets in Resources */,
				119255D2282B4F01008410F3 /* Assets.xcassets in Resources */,
			);
			runOnlyForDeploymentPostprocessing = 0;
		};
		119255E1282B51C9008410F3 /* Resources */ = {
			isa = PBXResourcesBuildPhase;
			buildActionMask = 2147483647;
			files = (
			);
			runOnlyForDeploymentPostprocessing = 0;
		};
		5BE70E29282C41C000E36372 /* Resources */ = {
			isa = PBXResourcesBuildPhase;
			buildActionMask = 2147483647;
			files = (
				5BE70E35282C41C200E36372 /* Preview Assets.xcassets in Resources */,
				5BE70E32282C41C200E36372 /* Assets.xcassets in Resources */,
			);
			runOnlyForDeploymentPostprocessing = 0;
		};
/* End PBXResourcesBuildPhase section */

/* Begin PBXSourcesBuildPhase section */
		1192559F282B4E77008410F3 /* Sources */ = {
			isa = PBXSourcesBuildPhase;
			buildActionMask = 2147483647;
			files = (
				5BE70E5E282C643C00E36372 /* AuthenticationService.swift in Sources */,
				5BC2EAC22831E1B20071821E /* Suggestion.swift in Sources */,
				5BC2EAC62831E7B00071821E /* Equipment.swift in Sources */,
				5BC2EB072832FDDB0071821E /* HelpListenerService.swift in Sources */,
				5BC2EAE12832ED9D0071821E /* AnnouncementSenderService.swift in Sources */,
				5BE70E23282C3EC000E36372 /* Announcement.swift in Sources */,
				5BC2EAC82831E8A50071821E /* EquipmentRepository.swift in Sources */,
				5BE70E1D282C33B600E36372 /* Help.swift in Sources */,
				5BC2EABC2831CF0B0071821E /* AnnouncementRepository.swift in Sources */,
				5BE70E1B282C338E00E36372 /* User.swift in Sources */,
				5BC2EAD42832E8F50071821E /* AnnouncementUpdatingService.swift in Sources */,
				5BC2EB042832FD9C0071821E /* HelpUpdatingService.swift in Sources */,
				5BC2EB022832FD8B0071821E /* HelpSenderService.swift in Sources */,
				5BC2EAB92831B8000071821E /* HelpRepository.swift in Sources */,
				5BE70E51282C4A6F00E36372 /* DateFormatter.swift in Sources */,
				5BC2EAD22832DF460071821E /* AnnouncementListenerService.swift in Sources */,
				5BC2EAC02831E13E0071821E /* SuggestionRepository.swift in Sources */,
			);
			runOnlyForDeploymentPostprocessing = 0;
		};
		119255AF282B4EA9008410F3 /* Sources */ = {
			isa = PBXSourcesBuildPhase;
			buildActionMask = 2147483647;
			files = (
				5BC2EADF2832ED3D0071821E /* AnnouncementFormViewModel.swift in Sources */,
				5BE70E6A282DBEF500E36372 /* AcademyPeopleView.swift in Sources */,
				5BC2EAD82832ECF30071821E /* AnnouncementListView.swift in Sources */,
				119255B8282B4EA9008410F3 /* HelpListView.swift in Sources */,
				5BD206E5282F49D5005E1090 /* HelpFormViewModel.swift in Sources */,
				5BC2EABE2831D2580071821E /* HomeViewModel.swift in Sources */,
				5BE70E6D282DBF1A00E36372 /* SuggestionsBoxView.swift in Sources */,
				5BC2EACA2831E92E0071821E /* EquipmentListView.swift in Sources */,
				5BC2EAC42831E3020071821E /* SuggestionsBoxViewModel.swift in Sources */,
				5BE70E55282C566B00E36372 /* HelpFormView.swift in Sources */,
				5BE70E68282DBEDB00E36372 /* ScheduleView.swift in Sources */,
				5BC2EACC2831E9B60071821E /* EquipmentListViewModel.swift in Sources */,
				119255B6282B4EA9008410F3 /* AcademyiOSApp.swift in Sources */,
				5BE70E66282D8A1800E36372 /* HomeView.swift in Sources */,
				5BC2EADD2832ED270071821E /* AnnouncementListViewModel.swift in Sources */,
				5BC2EADA2832ECFE0071821E /* AnnouncementFormView.swift in Sources */,
				5BE70E53282C4BA700E36372 /* HelpListViewModel.swift in Sources */,
			);
			runOnlyForDeploymentPostprocessing = 0;
		};
		119255C7282B4F00008410F3 /* Sources */ = {
			isa = PBXSourcesBuildPhase;
			buildActionMask = 2147483647;
			files = (
				119255D0282B4F00008410F3 /* ContentView.swift in Sources */,
				119255CE282B4F00008410F3 /* AcademyTVApp.swift in Sources */,
				5BE70E20282C3D0A00E36372 /* ContentViewModel.swift in Sources */,
			);
			runOnlyForDeploymentPostprocessing = 0;
		};
		119255DF282B51C9008410F3 /* Sources */ = {
			isa = PBXSourcesBuildPhase;
			buildActionMask = 2147483647;
			files = (
				5BC2EACE2831EA900071821E /* EquipmentCard.swift in Sources */,
				5BE70E60282C669C00E36372 /* AnnouncementCard.swift in Sources */,
				5BE70E64282D88A000E36372 /* Colors.swift in Sources */,
				5BE70E59282C596200E36372 /* HelpTypeFilterButton.swift in Sources */,
				5BE70E26282C3F6B00E36372 /* HelpCard.swift in Sources */,
			);
			runOnlyForDeploymentPostprocessing = 0;
		};
		5BE70E27282C41C000E36372 /* Sources */ = {
			isa = PBXSourcesBuildPhase;
			buildActionMask = 2147483647;
			files = (
				5BE70E30282C41C000E36372 /* HelpListView.swift in Sources */,
				5BE70E2E282C41C000E36372 /* AcademyiPadApp.swift in Sources */,
				5BE70E5C282C5FEC00E36372 /* HelpListViewModel.swift in Sources */,
			);
			runOnlyForDeploymentPostprocessing = 0;
		};
/* End PBXSourcesBuildPhase section */

/* Begin PBXTargetDependency section */
		119255C5282B4EB3008410F3 /* PBXTargetDependency */ = {
			isa = PBXTargetDependency;
			target = 119255A2282B4E77008410F3 /* Academy */;
			targetProxy = 119255C4282B4EB3008410F3 /* PBXContainerItemProxy */;
		};
		119255DC282B4F06008410F3 /* PBXTargetDependency */ = {
			isa = PBXTargetDependency;
			target = 119255A2282B4E77008410F3 /* Academy */;
			targetProxy = 119255DB282B4F06008410F3 /* PBXContainerItemProxy */;
		};
		119255E8282B51C9008410F3 /* PBXTargetDependency */ = {
			isa = PBXTargetDependency;
			target = 119255E2282B51C9008410F3 /* AcademyUI */;
			targetProxy = 119255E7282B51C9008410F3 /* PBXContainerItemProxy */;
		};
		119255F1282B51E5008410F3 /* PBXTargetDependency */ = {
			isa = PBXTargetDependency;
			target = 119255E2282B51C9008410F3 /* AcademyUI */;
			targetProxy = 119255F0282B51E5008410F3 /* PBXContainerItemProxy */;
		};
		5BE70E42282C45B200E36372 /* PBXTargetDependency */ = {
			isa = PBXTargetDependency;
			target = 119255A2282B4E77008410F3 /* Academy */;
			targetProxy = 5BE70E41282C45B200E36372 /* PBXContainerItemProxy */;
		};
		5BE70E47282C45B600E36372 /* PBXTargetDependency */ = {
			isa = PBXTargetDependency;
			target = 119255E2282B51C9008410F3 /* AcademyUI */;
			targetProxy = 5BE70E46282C45B600E36372 /* PBXContainerItemProxy */;
		};
		5BE70E4E282C49F400E36372 /* PBXTargetDependency */ = {
			isa = PBXTargetDependency;
			target = 119255A2282B4E77008410F3 /* Academy */;
			targetProxy = 5BE70E4D282C49F400E36372 /* PBXContainerItemProxy */;
		};
/* End PBXTargetDependency section */

/* Begin XCBuildConfiguration section */
		119255A8282B4E77008410F3 /* Debug */ = {
			isa = XCBuildConfiguration;
			buildSettings = {
				ALWAYS_SEARCH_USER_PATHS = NO;
				CLANG_ANALYZER_NONNULL = YES;
				CLANG_ANALYZER_NUMBER_OBJECT_CONVERSION = YES_AGGRESSIVE;
				CLANG_CXX_LANGUAGE_STANDARD = "gnu++17";
				CLANG_ENABLE_MODULES = YES;
				CLANG_ENABLE_OBJC_ARC = YES;
				CLANG_ENABLE_OBJC_WEAK = YES;
				CLANG_WARN_BLOCK_CAPTURE_AUTORELEASING = YES;
				CLANG_WARN_BOOL_CONVERSION = YES;
				CLANG_WARN_COMMA = YES;
				CLANG_WARN_CONSTANT_CONVERSION = YES;
				CLANG_WARN_DEPRECATED_OBJC_IMPLEMENTATIONS = YES;
				CLANG_WARN_DIRECT_OBJC_ISA_USAGE = YES_ERROR;
				CLANG_WARN_DOCUMENTATION_COMMENTS = YES;
				CLANG_WARN_EMPTY_BODY = YES;
				CLANG_WARN_ENUM_CONVERSION = YES;
				CLANG_WARN_INFINITE_RECURSION = YES;
				CLANG_WARN_INT_CONVERSION = YES;
				CLANG_WARN_NON_LITERAL_NULL_CONVERSION = YES;
				CLANG_WARN_OBJC_IMPLICIT_RETAIN_SELF = YES;
				CLANG_WARN_OBJC_LITERAL_CONVERSION = YES;
				CLANG_WARN_OBJC_ROOT_CLASS = YES_ERROR;
				CLANG_WARN_QUOTED_INCLUDE_IN_FRAMEWORK_HEADER = YES;
				CLANG_WARN_RANGE_LOOP_ANALYSIS = YES;
				CLANG_WARN_STRICT_PROTOTYPES = YES;
				CLANG_WARN_SUSPICIOUS_MOVE = YES;
				CLANG_WARN_UNGUARDED_AVAILABILITY = YES_AGGRESSIVE;
				CLANG_WARN_UNREACHABLE_CODE = YES;
				CLANG_WARN__DUPLICATE_METHOD_MATCH = YES;
				COPY_PHASE_STRIP = NO;
				CURRENT_PROJECT_VERSION = 1;
				DEBUG_INFORMATION_FORMAT = dwarf;
				ENABLE_STRICT_OBJC_MSGSEND = YES;
				ENABLE_TESTABILITY = YES;
				GCC_C_LANGUAGE_STANDARD = gnu11;
				GCC_DYNAMIC_NO_PIC = NO;
				GCC_NO_COMMON_BLOCKS = YES;
				GCC_OPTIMIZATION_LEVEL = 0;
				GCC_PREPROCESSOR_DEFINITIONS = (
					"DEBUG=1",
					"$(inherited)",
				);
				GCC_WARN_64_TO_32_BIT_CONVERSION = YES;
				GCC_WARN_ABOUT_RETURN_TYPE = YES_ERROR;
				GCC_WARN_UNDECLARED_SELECTOR = YES;
				GCC_WARN_UNINITIALIZED_AUTOS = YES_AGGRESSIVE;
				GCC_WARN_UNUSED_FUNCTION = YES;
				GCC_WARN_UNUSED_VARIABLE = YES;
				IPHONEOS_DEPLOYMENT_TARGET = 15.4;
				MTL_ENABLE_DEBUG_INFO = INCLUDE_SOURCE;
				MTL_FAST_MATH = YES;
				ONLY_ACTIVE_ARCH = YES;
				SDKROOT = iphoneos;
				SWIFT_ACTIVE_COMPILATION_CONDITIONS = DEBUG;
				SWIFT_OPTIMIZATION_LEVEL = "-Onone";
				VERSIONING_SYSTEM = "apple-generic";
				VERSION_INFO_PREFIX = "";
			};
			name = Debug;
		};
		119255A9282B4E77008410F3 /* Release */ = {
			isa = XCBuildConfiguration;
			buildSettings = {
				ALWAYS_SEARCH_USER_PATHS = NO;
				CLANG_ANALYZER_NONNULL = YES;
				CLANG_ANALYZER_NUMBER_OBJECT_CONVERSION = YES_AGGRESSIVE;
				CLANG_CXX_LANGUAGE_STANDARD = "gnu++17";
				CLANG_ENABLE_MODULES = YES;
				CLANG_ENABLE_OBJC_ARC = YES;
				CLANG_ENABLE_OBJC_WEAK = YES;
				CLANG_WARN_BLOCK_CAPTURE_AUTORELEASING = YES;
				CLANG_WARN_BOOL_CONVERSION = YES;
				CLANG_WARN_COMMA = YES;
				CLANG_WARN_CONSTANT_CONVERSION = YES;
				CLANG_WARN_DEPRECATED_OBJC_IMPLEMENTATIONS = YES;
				CLANG_WARN_DIRECT_OBJC_ISA_USAGE = YES_ERROR;
				CLANG_WARN_DOCUMENTATION_COMMENTS = YES;
				CLANG_WARN_EMPTY_BODY = YES;
				CLANG_WARN_ENUM_CONVERSION = YES;
				CLANG_WARN_INFINITE_RECURSION = YES;
				CLANG_WARN_INT_CONVERSION = YES;
				CLANG_WARN_NON_LITERAL_NULL_CONVERSION = YES;
				CLANG_WARN_OBJC_IMPLICIT_RETAIN_SELF = YES;
				CLANG_WARN_OBJC_LITERAL_CONVERSION = YES;
				CLANG_WARN_OBJC_ROOT_CLASS = YES_ERROR;
				CLANG_WARN_QUOTED_INCLUDE_IN_FRAMEWORK_HEADER = YES;
				CLANG_WARN_RANGE_LOOP_ANALYSIS = YES;
				CLANG_WARN_STRICT_PROTOTYPES = YES;
				CLANG_WARN_SUSPICIOUS_MOVE = YES;
				CLANG_WARN_UNGUARDED_AVAILABILITY = YES_AGGRESSIVE;
				CLANG_WARN_UNREACHABLE_CODE = YES;
				CLANG_WARN__DUPLICATE_METHOD_MATCH = YES;
				COPY_PHASE_STRIP = NO;
				CURRENT_PROJECT_VERSION = 1;
				DEBUG_INFORMATION_FORMAT = "dwarf-with-dsym";
				ENABLE_NS_ASSERTIONS = NO;
				ENABLE_STRICT_OBJC_MSGSEND = YES;
				GCC_C_LANGUAGE_STANDARD = gnu11;
				GCC_NO_COMMON_BLOCKS = YES;
				GCC_WARN_64_TO_32_BIT_CONVERSION = YES;
				GCC_WARN_ABOUT_RETURN_TYPE = YES_ERROR;
				GCC_WARN_UNDECLARED_SELECTOR = YES;
				GCC_WARN_UNINITIALIZED_AUTOS = YES_AGGRESSIVE;
				GCC_WARN_UNUSED_FUNCTION = YES;
				GCC_WARN_UNUSED_VARIABLE = YES;
				IPHONEOS_DEPLOYMENT_TARGET = 15.4;
				MTL_ENABLE_DEBUG_INFO = NO;
				MTL_FAST_MATH = YES;
				SDKROOT = iphoneos;
				SWIFT_COMPILATION_MODE = wholemodule;
				SWIFT_OPTIMIZATION_LEVEL = "-O";
				VALIDATE_PRODUCT = YES;
				VERSIONING_SYSTEM = "apple-generic";
				VERSION_INFO_PREFIX = "";
			};
			name = Release;
		};
		119255AB282B4E77008410F3 /* Debug */ = {
			isa = XCBuildConfiguration;
			buildSettings = {
				ALLOW_TARGET_PLATFORM_SPECIALIZATION = YES;
				CLANG_ENABLE_MODULES = YES;
				CODE_SIGN_STYLE = Automatic;
				CURRENT_PROJECT_VERSION = 1;
				DEFINES_MODULE = YES;
				DEVELOPMENT_TEAM = UL74FQ825B;
				DYLIB_COMPATIBILITY_VERSION = 1;
				DYLIB_CURRENT_VERSION = 1;
				DYLIB_INSTALL_NAME_BASE = "@rpath";
				GENERATE_INFOPLIST_FILE = YES;
				INFOPLIST_KEY_NSHumanReadableCopyright = "";
				INSTALL_PATH = "$(LOCAL_LIBRARY_DIR)/Frameworks";
				LD_RUNPATH_SEARCH_PATHS = (
					"$(inherited)",
					"@executable_path/Frameworks",
					"@loader_path/Frameworks",
				);
				MARKETING_VERSION = 1.0;
				PRODUCT_BUNDLE_IDENTIFIER = cc.nimidesign.Academy;
				PRODUCT_NAME = "$(TARGET_NAME:c99extidentifier)";
				SKIP_INSTALL = YES;
				SUPPORTED_PLATFORMS = "watchsimulator watchos macosx iphonesimulator iphoneos driverkit appletvsimulator appletvos";
				SUPPORTS_MACCATALYST = YES;
				SWIFT_EMIT_LOC_STRINGS = YES;
				SWIFT_OPTIMIZATION_LEVEL = "-Onone";
				SWIFT_VERSION = 5.0;
				TARGETED_DEVICE_FAMILY = "1,2,3";
			};
			name = Debug;
		};
		119255AC282B4E77008410F3 /* Release */ = {
			isa = XCBuildConfiguration;
			buildSettings = {
				ALLOW_TARGET_PLATFORM_SPECIALIZATION = YES;
				CLANG_ENABLE_MODULES = YES;
				CODE_SIGN_STYLE = Automatic;
				CURRENT_PROJECT_VERSION = 1;
				DEFINES_MODULE = YES;
				DEVELOPMENT_TEAM = UL74FQ825B;
				DYLIB_COMPATIBILITY_VERSION = 1;
				DYLIB_CURRENT_VERSION = 1;
				DYLIB_INSTALL_NAME_BASE = "@rpath";
				GENERATE_INFOPLIST_FILE = YES;
				INFOPLIST_KEY_NSHumanReadableCopyright = "";
				INSTALL_PATH = "$(LOCAL_LIBRARY_DIR)/Frameworks";
				LD_RUNPATH_SEARCH_PATHS = (
					"$(inherited)",
					"@executable_path/Frameworks",
					"@loader_path/Frameworks",
				);
				MARKETING_VERSION = 1.0;
				PRODUCT_BUNDLE_IDENTIFIER = cc.nimidesign.Academy;
				PRODUCT_NAME = "$(TARGET_NAME:c99extidentifier)";
				SKIP_INSTALL = YES;
				SUPPORTED_PLATFORMS = "watchsimulator watchos macosx iphonesimulator iphoneos driverkit appletvsimulator appletvos";
				SUPPORTS_MACCATALYST = YES;
				SWIFT_EMIT_LOC_STRINGS = YES;
				SWIFT_VERSION = 5.0;
				TARGETED_DEVICE_FAMILY = "1,2,3";
			};
			name = Release;
		};
		119255BF282B4EAA008410F3 /* Debug */ = {
			isa = XCBuildConfiguration;
			buildSettings = {
				ALWAYS_EMBED_SWIFT_STANDARD_LIBRARIES = YES;
				ASSETCATALOG_COMPILER_APPICON_NAME = AppIcon;
				ASSETCATALOG_COMPILER_GLOBAL_ACCENT_COLOR_NAME = AccentColor;
				CODE_SIGN_STYLE = Automatic;
				CURRENT_PROJECT_VERSION = 1;
				DEVELOPMENT_ASSET_PATHS = "\"AcademyiOS/Preview Content\"";
				DEVELOPMENT_TEAM = UL74FQ825B;
				ENABLE_PREVIEWS = YES;
				GENERATE_INFOPLIST_FILE = YES;
				INFOPLIST_KEY_UIApplicationSceneManifest_Generation = YES;
				INFOPLIST_KEY_UIApplicationSupportsIndirectInputEvents = YES;
				INFOPLIST_KEY_UILaunchScreen_Generation = YES;
				INFOPLIST_KEY_UISupportedInterfaceOrientations_iPad = "UIInterfaceOrientationPortrait UIInterfaceOrientationPortraitUpsideDown UIInterfaceOrientationLandscapeLeft UIInterfaceOrientationLandscapeRight";
				INFOPLIST_KEY_UISupportedInterfaceOrientations_iPhone = "UIInterfaceOrientationPortrait UIInterfaceOrientationLandscapeLeft UIInterfaceOrientationLandscapeRight";
				LD_RUNPATH_SEARCH_PATHS = (
					"$(inherited)",
					"@executable_path/Frameworks",
				);
				MARKETING_VERSION = 1.0;
				PRODUCT_BUNDLE_IDENTIFIER = cc.nimidesign.AcademyiOS;
				PRODUCT_NAME = "$(TARGET_NAME)";
				SWIFT_EMIT_LOC_STRINGS = YES;
				SWIFT_VERSION = 5.0;
				TARGETED_DEVICE_FAMILY = "1,2";
			};
			name = Debug;
		};
		119255C0282B4EAA008410F3 /* Release */ = {
			isa = XCBuildConfiguration;
			buildSettings = {
				ALWAYS_EMBED_SWIFT_STANDARD_LIBRARIES = YES;
				ASSETCATALOG_COMPILER_APPICON_NAME = AppIcon;
				ASSETCATALOG_COMPILER_GLOBAL_ACCENT_COLOR_NAME = AccentColor;
				CODE_SIGN_STYLE = Automatic;
				CURRENT_PROJECT_VERSION = 1;
				DEVELOPMENT_ASSET_PATHS = "\"AcademyiOS/Preview Content\"";
				DEVELOPMENT_TEAM = UL74FQ825B;
				ENABLE_PREVIEWS = YES;
				GENERATE_INFOPLIST_FILE = YES;
				INFOPLIST_KEY_UIApplicationSceneManifest_Generation = YES;
				INFOPLIST_KEY_UIApplicationSupportsIndirectInputEvents = YES;
				INFOPLIST_KEY_UILaunchScreen_Generation = YES;
				INFOPLIST_KEY_UISupportedInterfaceOrientations_iPad = "UIInterfaceOrientationPortrait UIInterfaceOrientationPortraitUpsideDown UIInterfaceOrientationLandscapeLeft UIInterfaceOrientationLandscapeRight";
				INFOPLIST_KEY_UISupportedInterfaceOrientations_iPhone = "UIInterfaceOrientationPortrait UIInterfaceOrientationLandscapeLeft UIInterfaceOrientationLandscapeRight";
				LD_RUNPATH_SEARCH_PATHS = (
					"$(inherited)",
					"@executable_path/Frameworks",
				);
				MARKETING_VERSION = 1.0;
				PRODUCT_BUNDLE_IDENTIFIER = cc.nimidesign.AcademyiOS;
				PRODUCT_NAME = "$(TARGET_NAME)";
				SWIFT_EMIT_LOC_STRINGS = YES;
				SWIFT_VERSION = 5.0;
				TARGETED_DEVICE_FAMILY = "1,2";
			};
			name = Release;
		};
		119255D7282B4F01008410F3 /* Debug */ = {
			isa = XCBuildConfiguration;
			buildSettings = {
				ALWAYS_EMBED_SWIFT_STANDARD_LIBRARIES = YES;
				ASSETCATALOG_COMPILER_APPICON_NAME = "App Icon & Top Shelf Image";
				ASSETCATALOG_COMPILER_GLOBAL_ACCENT_COLOR_NAME = AccentColor;
				CODE_SIGN_STYLE = Automatic;
				CURRENT_PROJECT_VERSION = 1;
				DEVELOPMENT_ASSET_PATHS = "\"AcademyTV/Preview Content\"";
				DEVELOPMENT_TEAM = UL74FQ825B;
				ENABLE_PREVIEWS = YES;
				GENERATE_INFOPLIST_FILE = YES;
				INFOPLIST_KEY_UILaunchScreen_Generation = YES;
				INFOPLIST_KEY_UIUserInterfaceStyle = Automatic;
				LD_RUNPATH_SEARCH_PATHS = (
					"$(inherited)",
					"@executable_path/Frameworks",
				);
				MARKETING_VERSION = 1.0;
				PRODUCT_BUNDLE_IDENTIFIER = cc.nimidesign.AcademyTV;
				PRODUCT_NAME = "$(TARGET_NAME)";
				SDKROOT = appletvos;
				SWIFT_EMIT_LOC_STRINGS = YES;
				SWIFT_VERSION = 5.0;
				TARGETED_DEVICE_FAMILY = 3;
				TVOS_DEPLOYMENT_TARGET = 15.4;
			};
			name = Debug;
		};
		119255D8282B4F01008410F3 /* Release */ = {
			isa = XCBuildConfiguration;
			buildSettings = {
				ALWAYS_EMBED_SWIFT_STANDARD_LIBRARIES = YES;
				ASSETCATALOG_COMPILER_APPICON_NAME = "App Icon & Top Shelf Image";
				ASSETCATALOG_COMPILER_GLOBAL_ACCENT_COLOR_NAME = AccentColor;
				CODE_SIGN_STYLE = Automatic;
				CURRENT_PROJECT_VERSION = 1;
				DEVELOPMENT_ASSET_PATHS = "\"AcademyTV/Preview Content\"";
				DEVELOPMENT_TEAM = UL74FQ825B;
				ENABLE_PREVIEWS = YES;
				GENERATE_INFOPLIST_FILE = YES;
				INFOPLIST_KEY_UILaunchScreen_Generation = YES;
				INFOPLIST_KEY_UIUserInterfaceStyle = Automatic;
				LD_RUNPATH_SEARCH_PATHS = (
					"$(inherited)",
					"@executable_path/Frameworks",
				);
				MARKETING_VERSION = 1.0;
				PRODUCT_BUNDLE_IDENTIFIER = cc.nimidesign.AcademyTV;
				PRODUCT_NAME = "$(TARGET_NAME)";
				SDKROOT = appletvos;
				SWIFT_EMIT_LOC_STRINGS = YES;
				SWIFT_VERSION = 5.0;
				TARGETED_DEVICE_FAMILY = 3;
				TVOS_DEPLOYMENT_TARGET = 15.4;
			};
			name = Release;
		};
		119255EC282B51C9008410F3 /* Debug */ = {
			isa = XCBuildConfiguration;
			buildSettings = {
				ALLOW_TARGET_PLATFORM_SPECIALIZATION = YES;
				CLANG_ENABLE_MODULES = YES;
				CODE_SIGN_STYLE = Automatic;
				CURRENT_PROJECT_VERSION = 1;
				DEFINES_MODULE = YES;
				DEVELOPMENT_TEAM = UL74FQ825B;
				DYLIB_COMPATIBILITY_VERSION = 1;
				DYLIB_CURRENT_VERSION = 1;
				DYLIB_INSTALL_NAME_BASE = "@rpath";
				GENERATE_INFOPLIST_FILE = YES;
				INFOPLIST_KEY_NSHumanReadableCopyright = "";
				INSTALL_PATH = "$(LOCAL_LIBRARY_DIR)/Frameworks";
				LD_RUNPATH_SEARCH_PATHS = (
					"$(inherited)",
					"@executable_path/Frameworks",
					"@loader_path/Frameworks",
				);
				MARKETING_VERSION = 1.0;
				PRODUCT_BUNDLE_IDENTIFIER = cc.nimidesign.AcademyUI;
				PRODUCT_NAME = "$(TARGET_NAME:c99extidentifier)";
				SKIP_INSTALL = YES;
				SUPPORTED_PLATFORMS = "watchsimulator watchos macosx iphonesimulator iphoneos driverkit appletvsimulator appletvos";
				SUPPORTS_MACCATALYST = YES;
				SWIFT_EMIT_LOC_STRINGS = YES;
				SWIFT_OPTIMIZATION_LEVEL = "-Onone";
				SWIFT_VERSION = 5.0;
				TARGETED_DEVICE_FAMILY = "1,2,3";
			};
			name = Debug;
		};
		119255ED282B51C9008410F3 /* Release */ = {
			isa = XCBuildConfiguration;
			buildSettings = {
				ALLOW_TARGET_PLATFORM_SPECIALIZATION = YES;
				CLANG_ENABLE_MODULES = YES;
				CODE_SIGN_STYLE = Automatic;
				CURRENT_PROJECT_VERSION = 1;
				DEFINES_MODULE = YES;
				DEVELOPMENT_TEAM = UL74FQ825B;
				DYLIB_COMPATIBILITY_VERSION = 1;
				DYLIB_CURRENT_VERSION = 1;
				DYLIB_INSTALL_NAME_BASE = "@rpath";
				GENERATE_INFOPLIST_FILE = YES;
				INFOPLIST_KEY_NSHumanReadableCopyright = "";
				INSTALL_PATH = "$(LOCAL_LIBRARY_DIR)/Frameworks";
				LD_RUNPATH_SEARCH_PATHS = (
					"$(inherited)",
					"@executable_path/Frameworks",
					"@loader_path/Frameworks",
				);
				MARKETING_VERSION = 1.0;
				PRODUCT_BUNDLE_IDENTIFIER = cc.nimidesign.AcademyUI;
				PRODUCT_NAME = "$(TARGET_NAME:c99extidentifier)";
				SKIP_INSTALL = YES;
				SUPPORTED_PLATFORMS = "watchsimulator watchos macosx iphonesimulator iphoneos driverkit appletvsimulator appletvos";
				SUPPORTS_MACCATALYST = YES;
				SWIFT_EMIT_LOC_STRINGS = YES;
				SWIFT_VERSION = 5.0;
				TARGETED_DEVICE_FAMILY = "1,2,3";
			};
			name = Release;
		};
		5BE70E37282C41C200E36372 /* Debug */ = {
			isa = XCBuildConfiguration;
			buildSettings = {
				ASSETCATALOG_COMPILER_APPICON_NAME = AppIcon;
				ASSETCATALOG_COMPILER_GLOBAL_ACCENT_COLOR_NAME = AccentColor;
				CODE_SIGN_STYLE = Automatic;
				CURRENT_PROJECT_VERSION = 1;
				DEVELOPMENT_ASSET_PATHS = "\"AcademyiPad/Preview Content\"";
				DEVELOPMENT_TEAM = VWZ6P536SX;
				ENABLE_PREVIEWS = YES;
				GENERATE_INFOPLIST_FILE = YES;
				INFOPLIST_KEY_UIApplicationSceneManifest_Generation = YES;
				INFOPLIST_KEY_UIApplicationSupportsIndirectInputEvents = YES;
				INFOPLIST_KEY_UILaunchScreen_Generation = YES;
				INFOPLIST_KEY_UISupportedInterfaceOrientations_iPad = "UIInterfaceOrientationPortrait UIInterfaceOrientationPortraitUpsideDown UIInterfaceOrientationLandscapeLeft UIInterfaceOrientationLandscapeRight";
				INFOPLIST_KEY_UISupportedInterfaceOrientations_iPhone = "UIInterfaceOrientationPortrait UIInterfaceOrientationLandscapeLeft UIInterfaceOrientationLandscapeRight";
				LD_RUNPATH_SEARCH_PATHS = (
					"$(inherited)",
					"@executable_path/Frameworks",
				);
				MARKETING_VERSION = 1.0;
				PRODUCT_BUNDLE_IDENTIFIER = com.andrearns.AcademyiPad;
				PRODUCT_NAME = "$(TARGET_NAME)";
				SWIFT_EMIT_LOC_STRINGS = YES;
				SWIFT_VERSION = 5.0;
				TARGETED_DEVICE_FAMILY = "1,2";
			};
			name = Debug;
		};
		5BE70E38282C41C200E36372 /* Release */ = {
			isa = XCBuildConfiguration;
			buildSettings = {
				ASSETCATALOG_COMPILER_APPICON_NAME = AppIcon;
				ASSETCATALOG_COMPILER_GLOBAL_ACCENT_COLOR_NAME = AccentColor;
				CODE_SIGN_STYLE = Automatic;
				CURRENT_PROJECT_VERSION = 1;
				DEVELOPMENT_ASSET_PATHS = "\"AcademyiPad/Preview Content\"";
				DEVELOPMENT_TEAM = VWZ6P536SX;
				ENABLE_PREVIEWS = YES;
				GENERATE_INFOPLIST_FILE = YES;
				INFOPLIST_KEY_UIApplicationSceneManifest_Generation = YES;
				INFOPLIST_KEY_UIApplicationSupportsIndirectInputEvents = YES;
				INFOPLIST_KEY_UILaunchScreen_Generation = YES;
				INFOPLIST_KEY_UISupportedInterfaceOrientations_iPad = "UIInterfaceOrientationPortrait UIInterfaceOrientationPortraitUpsideDown UIInterfaceOrientationLandscapeLeft UIInterfaceOrientationLandscapeRight";
				INFOPLIST_KEY_UISupportedInterfaceOrientations_iPhone = "UIInterfaceOrientationPortrait UIInterfaceOrientationLandscapeLeft UIInterfaceOrientationLandscapeRight";
				LD_RUNPATH_SEARCH_PATHS = (
					"$(inherited)",
					"@executable_path/Frameworks",
				);
				MARKETING_VERSION = 1.0;
				PRODUCT_BUNDLE_IDENTIFIER = com.andrearns.AcademyiPad;
				PRODUCT_NAME = "$(TARGET_NAME)";
				SWIFT_EMIT_LOC_STRINGS = YES;
				SWIFT_VERSION = 5.0;
				TARGETED_DEVICE_FAMILY = "1,2";
			};
			name = Release;
		};
/* End XCBuildConfiguration section */

/* Begin XCConfigurationList section */
		1192559D282B4E77008410F3 /* Build configuration list for PBXProject "Academy" */ = {
			isa = XCConfigurationList;
			buildConfigurations = (
				119255A8282B4E77008410F3 /* Debug */,
				119255A9282B4E77008410F3 /* Release */,
			);
			defaultConfigurationIsVisible = 0;
			defaultConfigurationName = Release;
		};
		119255AA282B4E77008410F3 /* Build configuration list for PBXNativeTarget "Academy" */ = {
			isa = XCConfigurationList;
			buildConfigurations = (
				119255AB282B4E77008410F3 /* Debug */,
				119255AC282B4E77008410F3 /* Release */,
			);
			defaultConfigurationIsVisible = 0;
			defaultConfigurationName = Release;
		};
		119255BE282B4EAA008410F3 /* Build configuration list for PBXNativeTarget "AcademyiOS" */ = {
			isa = XCConfigurationList;
			buildConfigurations = (
				119255BF282B4EAA008410F3 /* Debug */,
				119255C0282B4EAA008410F3 /* Release */,
			);
			defaultConfigurationIsVisible = 0;
			defaultConfigurationName = Release;
		};
		119255D6282B4F01008410F3 /* Build configuration list for PBXNativeTarget "AcademyTV" */ = {
			isa = XCConfigurationList;
			buildConfigurations = (
				119255D7282B4F01008410F3 /* Debug */,
				119255D8282B4F01008410F3 /* Release */,
			);
			defaultConfigurationIsVisible = 0;
			defaultConfigurationName = Release;
		};
		119255EB282B51C9008410F3 /* Build configuration list for PBXNativeTarget "AcademyUI" */ = {
			isa = XCConfigurationList;
			buildConfigurations = (
				119255EC282B51C9008410F3 /* Debug */,
				119255ED282B51C9008410F3 /* Release */,
			);
			defaultConfigurationIsVisible = 0;
			defaultConfigurationName = Release;
		};
		5BE70E36282C41C200E36372 /* Build configuration list for PBXNativeTarget "AcademyiPad" */ = {
			isa = XCConfigurationList;
			buildConfigurations = (
				5BE70E37282C41C200E36372 /* Debug */,
				5BE70E38282C41C200E36372 /* Release */,
			);
			defaultConfigurationIsVisible = 0;
			defaultConfigurationName = Release;
		};
/* End XCConfigurationList section */

/* Begin XCRemoteSwiftPackageReference section */
		5BD206D5282F43CE005E1090 /* XCRemoteSwiftPackageReference "CodableFirebase" */ = {
			isa = XCRemoteSwiftPackageReference;
			repositoryURL = "https://github.com/alickbass/CodableFirebase";
			requirement = {
				branch = master;
				kind = branch;
			};
		};
		5BD206E1282F45D3005E1090 /* XCRemoteSwiftPackageReference "GoogleSignIn-iOS" */ = {
			isa = XCRemoteSwiftPackageReference;
			repositoryURL = "https://github.com/google/GoogleSignIn-iOS.git";
			requirement = {
				kind = upToNextMajorVersion;
				minimumVersion = 6.0.0;
			};
		};
		5BD206E828319BBC005E1090 /* XCRemoteSwiftPackageReference "firebase-ios-sdk" */ = {
			isa = XCRemoteSwiftPackageReference;
			repositoryURL = "https://github.com/firebase/firebase-ios-sdk";
			requirement = {
				kind = upToNextMinorVersion;
				minimumVersion = 8.0.0;
			};
		};
/* End XCRemoteSwiftPackageReference section */

/* Begin XCSwiftPackageProductDependency section */
		5BD206D6282F43CE005E1090 /* CodableFirebase */ = {
			isa = XCSwiftPackageProductDependency;
			package = 5BD206D5282F43CE005E1090 /* XCRemoteSwiftPackageReference "CodableFirebase" */;
			productName = CodableFirebase;
		};
		5BD206E2282F45D3005E1090 /* GoogleSignIn */ = {
			isa = XCSwiftPackageProductDependency;
			package = 5BD206E1282F45D3005E1090 /* XCRemoteSwiftPackageReference "GoogleSignIn-iOS" */;
			productName = GoogleSignIn;
		};
		5BD206E928319BBC005E1090 /* FirebaseAnalytics */ = {
			isa = XCSwiftPackageProductDependency;
			package = 5BD206E828319BBC005E1090 /* XCRemoteSwiftPackageReference "firebase-ios-sdk" */;
			productName = FirebaseAnalytics;
		};
		5BD206EB28319BBC005E1090 /* FirebaseAuth */ = {
			isa = XCSwiftPackageProductDependency;
			package = 5BD206E828319BBC005E1090 /* XCRemoteSwiftPackageReference "firebase-ios-sdk" */;
			productName = FirebaseAuth;
		};
		5BD206ED28319BBC005E1090 /* FirebaseCrashlytics */ = {
			isa = XCSwiftPackageProductDependency;
			package = 5BD206E828319BBC005E1090 /* XCRemoteSwiftPackageReference "firebase-ios-sdk" */;
			productName = FirebaseCrashlytics;
		};
		5BD206EF28319BBC005E1090 /* FirebaseDatabase */ = {
			isa = XCSwiftPackageProductDependency;
			package = 5BD206E828319BBC005E1090 /* XCRemoteSwiftPackageReference "firebase-ios-sdk" */;
			productName = FirebaseDatabase;
		};
		5BD206F128319BBC005E1090 /* FirebaseFirestore */ = {
			isa = XCSwiftPackageProductDependency;
			package = 5BD206E828319BBC005E1090 /* XCRemoteSwiftPackageReference "firebase-ios-sdk" */;
			productName = FirebaseFirestore;
		};
		5BD206F328319BBC005E1090 /* FirebaseFirestoreSwift-Beta */ = {
			isa = XCSwiftPackageProductDependency;
			package = 5BD206E828319BBC005E1090 /* XCRemoteSwiftPackageReference "firebase-ios-sdk" */;
			productName = "FirebaseFirestoreSwift-Beta";
		};
/* End XCSwiftPackageProductDependency section */
	};
	rootObject = 1192559A282B4E77008410F3 /* Project object */;
}
